PODS:
  - Alamofire (4.7.2)
  - Keys (1.0.1)

DEPENDENCIES:
  - Alamofire
  - Keys (from `Pods/CocoaPodsKeys`)

SPEC REPOS:
  https://github.com/cocoapods/specs.git:
    - Alamofire

EXTERNAL SOURCES:
  Keys:
    :path: Pods/CocoaPodsKeys

SPEC CHECKSUMS:
  Alamofire: e4fa87002c137ba2d8d634d2c51fabcda0d5c223
  Keys: a576f4c9c1c641ca913a959a9c62ed3f215a8de9

PODFILE CHECKSUM: fc47b4de00a8eea5c33b52e38ac51addcbbee9e3

COCOAPODS: 1.5.2
