PODS:
  - Alamofire (4.7.2)
  - Keys (1.0.1)
  - RxBlocking (4.3.1):
    - RxSwift (~> 4.0)
  - RxSwift (4.3.1)
  - SwiftLint (0.29.3)

DEPENDENCIES:
  - Alamofire
  - Keys (from `Pods/CocoaPodsKeys`)
  - RxBlocking (~> 4.0)
  - RxSwift (~> 4.0)
  - SwiftLint

SPEC REPOS:
  https://github.com/cocoapods/specs.git:
    - Alamofire
    - RxBlocking
    - RxSwift
    - SwiftLint

EXTERNAL SOURCES:
  Keys:
    :path: Pods/CocoaPodsKeys

SPEC CHECKSUMS:
  Alamofire: e4fa87002c137ba2d8d634d2c51fabcda0d5c223
  Keys: a576f4c9c1c641ca913a959a9c62ed3f215a8de9
  RxBlocking: 64c051285261ca2339481e91b5f70eb06b03660a
  RxSwift: fe0fd770a43acdb7d0a53da411c9b892e69bb6e4
  SwiftLint: bfa7ca7b4d170cfaf0d236ca3ffd969e88a2f002

PODFILE CHECKSUM: 88169bfbe877da146dd8122c26741d9bab01cda3

COCOAPODS: 1.5.2
