PODS:
  - Alamofire (4.7.0)
  - PathKit (0.8.0)
  - Sourcery (0.14.0)
  - Stencil (0.8.0):
    - PathKit (~> 0.8.0)

DEPENDENCIES:
  - Alamofire
  - Sourcery
  - Stencil (~> 0.8.0)

SPEC CHECKSUMS:
  Alamofire: 907e0a98eb68cdb7f9d1f541a563d6ac5dc77b25
  PathKit: dcab05d701474011aae0e40cf892298a831f63d6
  Sourcery: 51332d15c2fc40e4ac5956e149a5d95607c63154
  Stencil: 6669684db0262e6eb316ce233e7e02d6df0a6cd9

PODFILE CHECKSUM: 6894981c75cb2586396e451e82e2ea487208788d

COCOAPODS: 1.4.0
