// !$*UTF8*$!
{
	archiveVersion = 1;
	classes = {
	};
	objectVersion = 48;
	objects = {

/* Begin PBXBuildFile section */
		18022FE3C9C502594C675B1F /* Pods_MovieDBUITests.framework in Frameworks */ = {isa = PBXBuildFile; fileRef = 7FA1E40FD23FE80449D9E978 /* Pods_MovieDBUITests.framework */; };
		6A4A2D7F206FD34B008BF540 /* MovieDBAPITests.swift in Sources */ = {isa = PBXBuildFile; fileRef = 6AB31922206FC74700E8E90E /* MovieDBAPITests.swift */; };
		6A4A2D80206FD353008BF540 /* API.swift in Sources */ = {isa = PBXBuildFile; fileRef = 6A6B0D1C20613C3E003EDF16 /* API.swift */; };
		6A4A2D81206FD357008BF540 /* MovieDBAPI.swift in Sources */ = {isa = PBXBuildFile; fileRef = 6AB3191F206FC58700E8E90E /* MovieDBAPI.swift */; };
		6A4A2D832070DAA4008BF540 /* AlamofireConnector.swift in Sources */ = {isa = PBXBuildFile; fileRef = 6A4A2D822070DAA4008BF540 /* AlamofireConnector.swift */; };
		6A4A2D8520710BC2008BF540 /* MovieRepositoryTests.swift in Sources */ = {isa = PBXBuildFile; fileRef = 6A4A2D8420710BC2008BF540 /* MovieRepositoryTests.swift */; };
		6A4A2D8620710BD3008BF540 /* MovieRepository.swift in Sources */ = {isa = PBXBuildFile; fileRef = 6A8395BD2058692900CD0CDD /* MovieRepository.swift */; };
		6A4A2D8720710C93008BF540 /* DataProvider.swift in Sources */ = {isa = PBXBuildFile; fileRef = 6A8395C32058751200CD0CDD /* DataProvider.swift */; };
		6A4A2D8820710C9C008BF540 /* NetworkService.swift in Sources */ = {isa = PBXBuildFile; fileRef = 6A6B0D2420619065003EDF16 /* NetworkService.swift */; };
		6A4A2D8920710C9F008BF540 /* MovieNetworkService.swift in Sources */ = {isa = PBXBuildFile; fileRef = 6A6B0D222061902C003EDF16 /* MovieNetworkService.swift */; };
		6A4A2D8A20710CA3008BF540 /* MovieNetworkModel.swift in Sources */ = {isa = PBXBuildFile; fileRef = 6AF0E0E3206FC33000978877 /* MovieNetworkModel.swift */; };
		6A4A2D8B20710CA6008BF540 /* ResponseModel.swift in Sources */ = {isa = PBXBuildFile; fileRef = 6AF0E0E1206FC2DD00978877 /* ResponseModel.swift */; };
		6A4A2D8C20710CCE008BF540 /* MovieModel.swift in Sources */ = {isa = PBXBuildFile; fileRef = 6A8395B9205866CE00CD0CDD /* MovieModel.swift */; };
		6A4A2D8F20710D61008BF540 /* NetworkProvider.swift in Sources */ = {isa = PBXBuildFile; fileRef = 6A4A2D8E20710D61008BF540 /* NetworkProvider.swift */; };
		6A4A2D9020710D61008BF540 /* NetworkProvider.swift in Sources */ = {isa = PBXBuildFile; fileRef = 6A4A2D8E20710D61008BF540 /* NetworkProvider.swift */; };
		6A5CABCB20724B0A007B53DC /* MovieDataProvider.swift in Sources */ = {isa = PBXBuildFile; fileRef = 6A5CABCA20724B0A007B53DC /* MovieDataProvider.swift */; };
		6A5CABCC20724B0A007B53DC /* MovieDataProvider.swift in Sources */ = {isa = PBXBuildFile; fileRef = 6A5CABCA20724B0A007B53DC /* MovieDataProvider.swift */; };
		6A5CABCF20724C18007B53DC /* Serializer.swift in Sources */ = {isa = PBXBuildFile; fileRef = 6A5CABCE20724C18007B53DC /* Serializer.swift */; };
		6A5CABD020724C18007B53DC /* Serializer.swift in Sources */ = {isa = PBXBuildFile; fileRef = 6A5CABCE20724C18007B53DC /* Serializer.swift */; };
		6A5CABD220724DBC007B53DC /* ListDataProvider.swift in Sources */ = {isa = PBXBuildFile; fileRef = 6A5CABD120724DBC007B53DC /* ListDataProvider.swift */; };
		6A5CABD320724DBC007B53DC /* ListDataProvider.swift in Sources */ = {isa = PBXBuildFile; fileRef = 6A5CABD120724DBC007B53DC /* ListDataProvider.swift */; };
		6A5CABD52072503C007B53DC /* MoiceDBAPIClient.swift in Sources */ = {isa = PBXBuildFile; fileRef = 6A5CABD42072503C007B53DC /* MoiceDBAPIClient.swift */; };
		6A5CABD62072503C007B53DC /* MoiceDBAPIClient.swift in Sources */ = {isa = PBXBuildFile; fileRef = 6A5CABD42072503C007B53DC /* MoiceDBAPIClient.swift */; };
		6A5CABD8207250A6007B53DC /* URLSessionConnector.swift in Sources */ = {isa = PBXBuildFile; fileRef = 6A5CABD7207250A6007B53DC /* URLSessionConnector.swift */; };
		6A5CABD9207250A6007B53DC /* URLSessionConnector.swift in Sources */ = {isa = PBXBuildFile; fileRef = 6A5CABD7207250A6007B53DC /* URLSessionConnector.swift */; };
		6A5CABDB207253FE007B53DC /* MovieNetworkServiceTests.swift in Sources */ = {isa = PBXBuildFile; fileRef = 6A5CABDA207253FE007B53DC /* MovieNetworkServiceTests.swift */; };
		6A5CABDC2072561C007B53DC /* Pods_MovieDBTests.framework in Frameworks */ = {isa = PBXBuildFile; fileRef = 3282CEF9D87ABACB5BA637F9 /* Pods_MovieDBTests.framework */; };
		6A6874022064430600299AD4 /* ViewStateTests.swift in Sources */ = {isa = PBXBuildFile; fileRef = 6A6874012064430600299AD4 /* ViewStateTests.swift */; };
		6A6874042064432700299AD4 /* ViewState.swift in Sources */ = {isa = PBXBuildFile; fileRef = 6A6874032064432700299AD4 /* ViewState.swift */; };
		6A6B0D1D20613C3E003EDF16 /* API.swift in Sources */ = {isa = PBXBuildFile; fileRef = 6A6B0D1C20613C3E003EDF16 /* API.swift */; };
		6A6B0D232061902C003EDF16 /* MovieNetworkService.swift in Sources */ = {isa = PBXBuildFile; fileRef = 6A6B0D222061902C003EDF16 /* MovieNetworkService.swift */; };
		6A6B0D2520619065003EDF16 /* NetworkService.swift in Sources */ = {isa = PBXBuildFile; fileRef = 6A6B0D2420619065003EDF16 /* NetworkService.swift */; };
		6A839585205861B600CD0CDD /* AppDelegate.swift in Sources */ = {isa = PBXBuildFile; fileRef = 6A839584205861B600CD0CDD /* AppDelegate.swift */; };
		6A839587205861B600CD0CDD /* VideoCollectionViewController.swift in Sources */ = {isa = PBXBuildFile; fileRef = 6A839586205861B600CD0CDD /* VideoCollectionViewController.swift */; };
		6A83958A205861B600CD0CDD /* Main.storyboard in Resources */ = {isa = PBXBuildFile; fileRef = 6A839588205861B600CD0CDD /* Main.storyboard */; };
		6A83958C205861B600CD0CDD /* Assets.xcassets in Resources */ = {isa = PBXBuildFile; fileRef = 6A83958B205861B600CD0CDD /* Assets.xcassets */; };
		6A83958F205861B600CD0CDD /* LaunchScreen.storyboard in Resources */ = {isa = PBXBuildFile; fileRef = 6A83958D205861B600CD0CDD /* LaunchScreen.storyboard */; };
		6A83959A205861B600CD0CDD /* MovieDBTests.swift in Sources */ = {isa = PBXBuildFile; fileRef = 6A839599205861B600CD0CDD /* MovieDBTests.swift */; };
		6A8395A5205861B600CD0CDD /* MovieDBUITests.swift in Sources */ = {isa = PBXBuildFile; fileRef = 6A8395A4205861B600CD0CDD /* MovieDBUITests.swift */; };
		6A8395B42058626500CD0CDD /* VideoCollectionPresenter.swift in Sources */ = {isa = PBXBuildFile; fileRef = 6A8395B32058626500CD0CDD /* VideoCollectionPresenter.swift */; };
		6A8395B6205862DD00CD0CDD /* ModuleProtocols.swift in Sources */ = {isa = PBXBuildFile; fileRef = 6A8395B5205862DD00CD0CDD /* ModuleProtocols.swift */; };
		6A8395B82058659700CD0CDD /* VideoCollectionViewState.swift in Sources */ = {isa = PBXBuildFile; fileRef = 6A8395B72058659700CD0CDD /* VideoCollectionViewState.swift */; };
		6A8395BA205866CE00CD0CDD /* MovieModel.swift in Sources */ = {isa = PBXBuildFile; fileRef = 6A8395B9205866CE00CD0CDD /* MovieModel.swift */; };
		6A8395BE2058692900CD0CDD /* MovieRepository.swift in Sources */ = {isa = PBXBuildFile; fileRef = 6A8395BD2058692900CD0CDD /* MovieRepository.swift */; };
		6A8395C12058749E00CD0CDD /* View.swift in Sources */ = {isa = PBXBuildFile; fileRef = 6A8395C02058749E00CD0CDD /* View.swift */; };
		6A8395C42058751200CD0CDD /* DataProvider.swift in Sources */ = {isa = PBXBuildFile; fileRef = 6A8395C32058751200CD0CDD /* DataProvider.swift */; };
		6A8395C6205875B200CD0CDD /* ModuleBuilder.swift in Sources */ = {isa = PBXBuildFile; fileRef = 6A8395C5205875B200CD0CDD /* ModuleBuilder.swift */; };
		6A8395C820587ABB00CD0CDD /* Presenter.swift in Sources */ = {isa = PBXBuildFile; fileRef = 6A8395C720587ABB00CD0CDD /* Presenter.swift */; };
		6A8395CA20587DA100CD0CDD /* ModuleBuilderTests.swift in Sources */ = {isa = PBXBuildFile; fileRef = 6A8395C920587DA100CD0CDD /* ModuleBuilderTests.swift */; };
		6A8395CC2058810400CD0CDD /* VideoCollectionViewCell.swift in Sources */ = {isa = PBXBuildFile; fileRef = 6A8395CB2058810400CD0CDD /* VideoCollectionViewCell.swift */; };
		6A8395CE2058879800CD0CDD /* Router.swift in Sources */ = {isa = PBXBuildFile; fileRef = 6A8395CD2058879800CD0CDD /* Router.swift */; };
		6AB31920206FC58700E8E90E /* MovieDBAPI.swift in Sources */ = {isa = PBXBuildFile; fileRef = 6AB3191F206FC58700E8E90E /* MovieDBAPI.swift */; };
		6AF0E0E2206FC2DD00978877 /* ResponseModel.swift in Sources */ = {isa = PBXBuildFile; fileRef = 6AF0E0E1206FC2DD00978877 /* ResponseModel.swift */; };
		6AF0E0E4206FC33000978877 /* MovieNetworkModel.swift in Sources */ = {isa = PBXBuildFile; fileRef = 6AF0E0E3206FC33000978877 /* MovieNetworkModel.swift */; };
		7A5A973CBF85599855F1D096 /* Pods_MovieDB.framework in Frameworks */ = {isa = PBXBuildFile; fileRef = 23F50C91E7F7F3D368FD5897 /* Pods_MovieDB.framework */; };
		FEB6E535C9D93CD19E353A12 /* Pods_MovieDBTests.framework in Frameworks */ = {isa = PBXBuildFile; fileRef = 3282CEF9D87ABACB5BA637F9 /* Pods_MovieDBTests.framework */; };
/* End PBXBuildFile section */

/* Begin PBXContainerItemProxy section */
		6A4A2D7A206FD338008BF540 /* PBXContainerItemProxy */ = {
			isa = PBXContainerItemProxy;
			containerPortal = 6A839579205861B600CD0CDD /* Project object */;
			proxyType = 1;
			remoteGlobalIDString = 6A839580205861B600CD0CDD;
			remoteInfo = MovieDB;
		};
		6A839596205861B600CD0CDD /* PBXContainerItemProxy */ = {
			isa = PBXContainerItemProxy;
			containerPortal = 6A839579205861B600CD0CDD /* Project object */;
			proxyType = 1;
			remoteGlobalIDString = 6A839580205861B600CD0CDD;
			remoteInfo = videoplayer;
		};
		6A8395A1205861B600CD0CDD /* PBXContainerItemProxy */ = {
			isa = PBXContainerItemProxy;
			containerPortal = 6A839579205861B600CD0CDD /* Project object */;
			proxyType = 1;
			remoteGlobalIDString = 6A839580205861B600CD0CDD;
			remoteInfo = videoplayer;
		};
/* End PBXContainerItemProxy section */

/* Begin PBXFileReference section */
		14691B887F1B7CF58F988389 /* Pods-videoplayer.release.xcconfig */ = {isa = PBXFileReference; includeInIndex = 1; lastKnownFileType = text.xcconfig; name = "Pods-videoplayer.release.xcconfig"; path = "Pods/Target Support Files/Pods-videoplayer/Pods-videoplayer.release.xcconfig"; sourceTree = "<group>"; };
		23F50C91E7F7F3D368FD5897 /* Pods_MovieDB.framework */ = {isa = PBXFileReference; explicitFileType = wrapper.framework; includeInIndex = 0; path = Pods_MovieDB.framework; sourceTree = BUILT_PRODUCTS_DIR; };
		2E30C295CEFE07E1AD1AAF4D /* Pods-MovieDB.release.xcconfig */ = {isa = PBXFileReference; includeInIndex = 1; lastKnownFileType = text.xcconfig; name = "Pods-MovieDB.release.xcconfig"; path = "Pods/Target Support Files/Pods-MovieDB/Pods-MovieDB.release.xcconfig"; sourceTree = "<group>"; };
		3282CEF9D87ABACB5BA637F9 /* Pods_MovieDBTests.framework */ = {isa = PBXFileReference; explicitFileType = wrapper.framework; includeInIndex = 0; path = Pods_MovieDBTests.framework; sourceTree = BUILT_PRODUCTS_DIR; };
		4AD289D530A16D6005571641 /* Pods-MovieDBUITests.debug.xcconfig */ = {isa = PBXFileReference; includeInIndex = 1; lastKnownFileType = text.xcconfig; name = "Pods-MovieDBUITests.debug.xcconfig"; path = "Pods/Target Support Files/Pods-MovieDBUITests/Pods-MovieDBUITests.debug.xcconfig"; sourceTree = "<group>"; };
		5E7EEFBC3D44C6CE92FEA9E6 /* Pods-MovieDB.debug.xcconfig */ = {isa = PBXFileReference; includeInIndex = 1; lastKnownFileType = text.xcconfig; name = "Pods-MovieDB.debug.xcconfig"; path = "Pods/Target Support Files/Pods-MovieDB/Pods-MovieDB.debug.xcconfig"; sourceTree = "<group>"; };
		6A4A2D75206FD337008BF540 /* MovieDBDataTests.xctest */ = {isa = PBXFileReference; explicitFileType = wrapper.cfbundle; includeInIndex = 0; path = MovieDBDataTests.xctest; sourceTree = BUILT_PRODUCTS_DIR; };
		6A4A2D79206FD338008BF540 /* Info.plist */ = {isa = PBXFileReference; lastKnownFileType = text.plist.xml; path = Info.plist; sourceTree = "<group>"; };
		6A4A2D822070DAA4008BF540 /* AlamofireConnector.swift */ = {isa = PBXFileReference; lastKnownFileType = sourcecode.swift; path = AlamofireConnector.swift; sourceTree = "<group>"; };
		6A4A2D8420710BC2008BF540 /* MovieRepositoryTests.swift */ = {isa = PBXFileReference; lastKnownFileType = sourcecode.swift; path = MovieRepositoryTests.swift; sourceTree = "<group>"; };
		6A4A2D8E20710D61008BF540 /* NetworkProvider.swift */ = {isa = PBXFileReference; lastKnownFileType = sourcecode.swift; path = NetworkProvider.swift; sourceTree = "<group>"; };
		6A5CABCA20724B0A007B53DC /* MovieDataProvider.swift */ = {isa = PBXFileReference; lastKnownFileType = sourcecode.swift; path = MovieDataProvider.swift; sourceTree = "<group>"; };
		6A5CABCE20724C18007B53DC /* Serializer.swift */ = {isa = PBXFileReference; lastKnownFileType = sourcecode.swift; path = Serializer.swift; sourceTree = "<group>"; };
		6A5CABD120724DBC007B53DC /* ListDataProvider.swift */ = {isa = PBXFileReference; lastKnownFileType = sourcecode.swift; path = ListDataProvider.swift; sourceTree = "<group>"; };
		6A5CABD42072503C007B53DC /* MoiceDBAPIClient.swift */ = {isa = PBXFileReference; lastKnownFileType = sourcecode.swift; path = MoiceDBAPIClient.swift; sourceTree = "<group>"; };
		6A5CABD7207250A6007B53DC /* URLSessionConnector.swift */ = {isa = PBXFileReference; lastKnownFileType = sourcecode.swift; path = URLSessionConnector.swift; sourceTree = "<group>"; };
		6A5CABDA207253FE007B53DC /* MovieNetworkServiceTests.swift */ = {isa = PBXFileReference; lastKnownFileType = sourcecode.swift; path = MovieNetworkServiceTests.swift; sourceTree = "<group>"; };
		6A6874012064430600299AD4 /* ViewStateTests.swift */ = {isa = PBXFileReference; lastKnownFileType = sourcecode.swift; path = ViewStateTests.swift; sourceTree = "<group>"; };
		6A6874032064432700299AD4 /* ViewState.swift */ = {isa = PBXFileReference; lastKnownFileType = sourcecode.swift; path = ViewState.swift; sourceTree = "<group>"; };
		6A6B0D1C20613C3E003EDF16 /* API.swift */ = {isa = PBXFileReference; lastKnownFileType = sourcecode.swift; path = API.swift; sourceTree = "<group>"; };
		6A6B0D222061902C003EDF16 /* MovieNetworkService.swift */ = {isa = PBXFileReference; lastKnownFileType = sourcecode.swift; path = MovieNetworkService.swift; sourceTree = "<group>"; };
		6A6B0D2420619065003EDF16 /* NetworkService.swift */ = {isa = PBXFileReference; lastKnownFileType = sourcecode.swift; path = NetworkService.swift; sourceTree = "<group>"; };
		6A839581205861B600CD0CDD /* MovieDB.app */ = {isa = PBXFileReference; explicitFileType = wrapper.application; includeInIndex = 0; path = MovieDB.app; sourceTree = BUILT_PRODUCTS_DIR; };
		6A839584205861B600CD0CDD /* AppDelegate.swift */ = {isa = PBXFileReference; lastKnownFileType = sourcecode.swift; path = AppDelegate.swift; sourceTree = "<group>"; };
		6A839586205861B600CD0CDD /* VideoCollectionViewController.swift */ = {isa = PBXFileReference; lastKnownFileType = sourcecode.swift; path = VideoCollectionViewController.swift; sourceTree = "<group>"; };
		6A839589205861B600CD0CDD /* Base */ = {isa = PBXFileReference; lastKnownFileType = file.storyboard; name = Base; path = Base.lproj/Main.storyboard; sourceTree = "<group>"; };
		6A83958B205861B600CD0CDD /* Assets.xcassets */ = {isa = PBXFileReference; lastKnownFileType = folder.assetcatalog; path = Assets.xcassets; sourceTree = "<group>"; };
		6A83958E205861B600CD0CDD /* Base */ = {isa = PBXFileReference; lastKnownFileType = file.storyboard; name = Base; path = Base.lproj/LaunchScreen.storyboard; sourceTree = "<group>"; };
		6A839590205861B600CD0CDD /* Info.plist */ = {isa = PBXFileReference; lastKnownFileType = text.plist.xml; path = Info.plist; sourceTree = "<group>"; };
		6A839595205861B600CD0CDD /* MovieDBTests.xctest */ = {isa = PBXFileReference; explicitFileType = wrapper.cfbundle; includeInIndex = 0; path = MovieDBTests.xctest; sourceTree = BUILT_PRODUCTS_DIR; };
		6A839599205861B600CD0CDD /* MovieDBTests.swift */ = {isa = PBXFileReference; lastKnownFileType = sourcecode.swift; path = MovieDBTests.swift; sourceTree = "<group>"; };
		6A83959B205861B600CD0CDD /* Info.plist */ = {isa = PBXFileReference; lastKnownFileType = text.plist.xml; path = Info.plist; sourceTree = "<group>"; };
		6A8395A0205861B600CD0CDD /* MovieDBUITests.xctest */ = {isa = PBXFileReference; explicitFileType = wrapper.cfbundle; includeInIndex = 0; path = MovieDBUITests.xctest; sourceTree = BUILT_PRODUCTS_DIR; };
		6A8395A4205861B600CD0CDD /* MovieDBUITests.swift */ = {isa = PBXFileReference; lastKnownFileType = sourcecode.swift; path = MovieDBUITests.swift; sourceTree = "<group>"; };
		6A8395A6205861B600CD0CDD /* Info.plist */ = {isa = PBXFileReference; lastKnownFileType = text.plist.xml; path = Info.plist; sourceTree = "<group>"; };
		6A8395B32058626500CD0CDD /* VideoCollectionPresenter.swift */ = {isa = PBXFileReference; lastKnownFileType = sourcecode.swift; path = VideoCollectionPresenter.swift; sourceTree = "<group>"; };
		6A8395B5205862DD00CD0CDD /* ModuleProtocols.swift */ = {isa = PBXFileReference; lastKnownFileType = sourcecode.swift; path = ModuleProtocols.swift; sourceTree = "<group>"; };
		6A8395B72058659700CD0CDD /* VideoCollectionViewState.swift */ = {isa = PBXFileReference; lastKnownFileType = sourcecode.swift; path = VideoCollectionViewState.swift; sourceTree = "<group>"; };
		6A8395B9205866CE00CD0CDD /* MovieModel.swift */ = {isa = PBXFileReference; lastKnownFileType = sourcecode.swift; path = MovieModel.swift; sourceTree = "<group>"; };
		6A8395BD2058692900CD0CDD /* MovieRepository.swift */ = {isa = PBXFileReference; lastKnownFileType = sourcecode.swift; path = MovieRepository.swift; sourceTree = "<group>"; };
		6A8395C02058749E00CD0CDD /* View.swift */ = {isa = PBXFileReference; lastKnownFileType = sourcecode.swift; path = View.swift; sourceTree = "<group>"; };
		6A8395C32058751200CD0CDD /* DataProvider.swift */ = {isa = PBXFileReference; lastKnownFileType = sourcecode.swift; path = DataProvider.swift; sourceTree = "<group>"; };
		6A8395C5205875B200CD0CDD /* ModuleBuilder.swift */ = {isa = PBXFileReference; lastKnownFileType = sourcecode.swift; path = ModuleBuilder.swift; sourceTree = "<group>"; };
		6A8395C720587ABB00CD0CDD /* Presenter.swift */ = {isa = PBXFileReference; lastKnownFileType = sourcecode.swift; path = Presenter.swift; sourceTree = "<group>"; };
		6A8395C920587DA100CD0CDD /* ModuleBuilderTests.swift */ = {isa = PBXFileReference; lastKnownFileType = sourcecode.swift; path = ModuleBuilderTests.swift; sourceTree = "<group>"; };
		6A8395CB2058810400CD0CDD /* VideoCollectionViewCell.swift */ = {isa = PBXFileReference; lastKnownFileType = sourcecode.swift; path = VideoCollectionViewCell.swift; sourceTree = "<group>"; };
		6A8395CD2058879800CD0CDD /* Router.swift */ = {isa = PBXFileReference; lastKnownFileType = sourcecode.swift; path = Router.swift; sourceTree = "<group>"; };
		6AB3191F206FC58700E8E90E /* MovieDBAPI.swift */ = {isa = PBXFileReference; lastKnownFileType = sourcecode.swift; path = MovieDBAPI.swift; sourceTree = "<group>"; };
		6AB31922206FC74700E8E90E /* MovieDBAPITests.swift */ = {isa = PBXFileReference; lastKnownFileType = sourcecode.swift; path = MovieDBAPITests.swift; sourceTree = "<group>"; };
		6AF0E0E1206FC2DD00978877 /* ResponseModel.swift */ = {isa = PBXFileReference; lastKnownFileType = sourcecode.swift; path = ResponseModel.swift; sourceTree = "<group>"; };
		6AF0E0E3206FC33000978877 /* MovieNetworkModel.swift */ = {isa = PBXFileReference; lastKnownFileType = sourcecode.swift; path = MovieNetworkModel.swift; sourceTree = "<group>"; };
		7FA1E40FD23FE80449D9E978 /* Pods_MovieDBUITests.framework */ = {isa = PBXFileReference; explicitFileType = wrapper.framework; includeInIndex = 0; path = Pods_MovieDBUITests.framework; sourceTree = BUILT_PRODUCTS_DIR; };
		816543DDAEAAD4ADB3DE6DA3 /* Pods-videoplayerUITests.release.xcconfig */ = {isa = PBXFileReference; includeInIndex = 1; lastKnownFileType = text.xcconfig; name = "Pods-videoplayerUITests.release.xcconfig"; path = "Pods/Target Support Files/Pods-videoplayerUITests/Pods-videoplayerUITests.release.xcconfig"; sourceTree = "<group>"; };
		8ABED3A22E0F1076C51B79D5 /* Pods-videoplayer.debug.xcconfig */ = {isa = PBXFileReference; includeInIndex = 1; lastKnownFileType = text.xcconfig; name = "Pods-videoplayer.debug.xcconfig"; path = "Pods/Target Support Files/Pods-videoplayer/Pods-videoplayer.debug.xcconfig"; sourceTree = "<group>"; };
		90E493304524041272108082 /* Pods-videoplayerTests.debug.xcconfig */ = {isa = PBXFileReference; includeInIndex = 1; lastKnownFileType = text.xcconfig; name = "Pods-videoplayerTests.debug.xcconfig"; path = "Pods/Target Support Files/Pods-videoplayerTests/Pods-videoplayerTests.debug.xcconfig"; sourceTree = "<group>"; };
		A83FA116E07A77FFA8D88103 /* Pods-videoplayerTests.release.xcconfig */ = {isa = PBXFileReference; includeInIndex = 1; lastKnownFileType = text.xcconfig; name = "Pods-videoplayerTests.release.xcconfig"; path = "Pods/Target Support Files/Pods-videoplayerTests/Pods-videoplayerTests.release.xcconfig"; sourceTree = "<group>"; };
		A8A4C0A86024B5737CB47FF3 /* Pods-videoplayerUITests.debug.xcconfig */ = {isa = PBXFileReference; includeInIndex = 1; lastKnownFileType = text.xcconfig; name = "Pods-videoplayerUITests.debug.xcconfig"; path = "Pods/Target Support Files/Pods-videoplayerUITests/Pods-videoplayerUITests.debug.xcconfig"; sourceTree = "<group>"; };
		BBA3AFBD27E0C7B3FFC37057 /* Pods-MovieDBTests.debug.xcconfig */ = {isa = PBXFileReference; includeInIndex = 1; lastKnownFileType = text.xcconfig; name = "Pods-MovieDBTests.debug.xcconfig"; path = "Pods/Target Support Files/Pods-MovieDBTests/Pods-MovieDBTests.debug.xcconfig"; sourceTree = "<group>"; };
		BBE9BF9614042FE9CC436BBE /* Pods-MovieDBUITests.release.xcconfig */ = {isa = PBXFileReference; includeInIndex = 1; lastKnownFileType = text.xcconfig; name = "Pods-MovieDBUITests.release.xcconfig"; path = "Pods/Target Support Files/Pods-MovieDBUITests/Pods-MovieDBUITests.release.xcconfig"; sourceTree = "<group>"; };
		C9C0EF95CF3BEE0B63459D3F /* Pods-MovieDBTests.release.xcconfig */ = {isa = PBXFileReference; includeInIndex = 1; lastKnownFileType = text.xcconfig; name = "Pods-MovieDBTests.release.xcconfig"; path = "Pods/Target Support Files/Pods-MovieDBTests/Pods-MovieDBTests.release.xcconfig"; sourceTree = "<group>"; };
/* End PBXFileReference section */

/* Begin PBXFrameworksBuildPhase section */
		6A4A2D72206FD337008BF540 /* Frameworks */ = {
			isa = PBXFrameworksBuildPhase;
			buildActionMask = 2147483647;
			files = (
				6A5CABDC2072561C007B53DC /* Pods_MovieDBTests.framework in Frameworks */,
			);
			runOnlyForDeploymentPostprocessing = 0;
		};
		6A83957E205861B600CD0CDD /* Frameworks */ = {
			isa = PBXFrameworksBuildPhase;
			buildActionMask = 2147483647;
			files = (
				7A5A973CBF85599855F1D096 /* Pods_MovieDB.framework in Frameworks */,
			);
			runOnlyForDeploymentPostprocessing = 0;
		};
		6A839592205861B600CD0CDD /* Frameworks */ = {
			isa = PBXFrameworksBuildPhase;
			buildActionMask = 2147483647;
			files = (
				FEB6E535C9D93CD19E353A12 /* Pods_MovieDBTests.framework in Frameworks */,
			);
			runOnlyForDeploymentPostprocessing = 0;
		};
		6A83959D205861B600CD0CDD /* Frameworks */ = {
			isa = PBXFrameworksBuildPhase;
			buildActionMask = 2147483647;
			files = (
				18022FE3C9C502594C675B1F /* Pods_MovieDBUITests.framework in Frameworks */,
			);
			runOnlyForDeploymentPostprocessing = 0;
		};
/* End PBXFrameworksBuildPhase section */

/* Begin PBXGroup section */
		547C2108896FB74800C3D7DC /* Pods */ = {
			isa = PBXGroup;
			children = (
				8ABED3A22E0F1076C51B79D5 /* Pods-videoplayer.debug.xcconfig */,
				14691B887F1B7CF58F988389 /* Pods-videoplayer.release.xcconfig */,
				90E493304524041272108082 /* Pods-videoplayerTests.debug.xcconfig */,
				A83FA116E07A77FFA8D88103 /* Pods-videoplayerTests.release.xcconfig */,
				A8A4C0A86024B5737CB47FF3 /* Pods-videoplayerUITests.debug.xcconfig */,
				816543DDAEAAD4ADB3DE6DA3 /* Pods-videoplayerUITests.release.xcconfig */,
				5E7EEFBC3D44C6CE92FEA9E6 /* Pods-MovieDB.debug.xcconfig */,
				2E30C295CEFE07E1AD1AAF4D /* Pods-MovieDB.release.xcconfig */,
				BBA3AFBD27E0C7B3FFC37057 /* Pods-MovieDBTests.debug.xcconfig */,
				C9C0EF95CF3BEE0B63459D3F /* Pods-MovieDBTests.release.xcconfig */,
				4AD289D530A16D6005571641 /* Pods-MovieDBUITests.debug.xcconfig */,
				BBE9BF9614042FE9CC436BBE /* Pods-MovieDBUITests.release.xcconfig */,
			);
			name = Pods;
			sourceTree = "<group>";
		};
		6A4A2D76206FD338008BF540 /* MovieDBDataTests */ = {
			isa = PBXGroup;
			children = (
				6AB31922206FC74700E8E90E /* MovieDBAPITests.swift */,
				6A5CABDA207253FE007B53DC /* MovieNetworkServiceTests.swift */,
				6A4A2D8420710BC2008BF540 /* MovieRepositoryTests.swift */,
				6A4A2D79206FD338008BF540 /* Info.plist */,
			);
			path = MovieDBDataTests;
			sourceTree = "<group>";
		};
		6A5CABC820724714007B53DC /* Connectors */ = {
			isa = PBXGroup;
			children = (
				6A4A2D822070DAA4008BF540 /* AlamofireConnector.swift */,
				6A5CABD7207250A6007B53DC /* URLSessionConnector.swift */,
			);
			path = Connectors;
			sourceTree = "<group>";
		};
		6A5CABC9207247EA007B53DC /* Services */ = {
			isa = PBXGroup;
			children = (
				6A6B0D222061902C003EDF16 /* MovieNetworkService.swift */,
				6A6B0D2420619065003EDF16 /* NetworkService.swift */,
			);
			path = Services;
			sourceTree = "<group>";
		};
		6A5CABCD20724B76007B53DC /* MovieDB */ = {
			isa = PBXGroup;
			children = (
				6AF0E0E1206FC2DD00978877 /* ResponseModel.swift */,
				6AF0E0E3206FC33000978877 /* MovieNetworkModel.swift */,
			);
			path = MovieDB;
			sourceTree = "<group>";
		};
		6A6B0D1E2061871E003EDF16 /* Data */ = {
			isa = PBXGroup;
			children = (
				6AB3191E206FC57000E8E90E /* APIs */,
				6A8395BC2058690E00CD0CDD /* DataProviders */,
				6A6B0D1F20618738003EDF16 /* Repositories */,
				6A8395C2205874D300CD0CDD /* Models */,
			);
			path = Data;
			sourceTree = "<group>";
		};
		6A6B0D1F20618738003EDF16 /* Repositories */ = {
			isa = PBXGroup;
			children = (
				6A8395BD2058692900CD0CDD /* MovieRepository.swift */,
			);
			path = Repositories;
			sourceTree = "<group>";
		};
		6A6B0D2020618FD9003EDF16 /* Network */ = {
			isa = PBXGroup;
			children = (
				6A5CABC820724714007B53DC /* Connectors */,
				6AF0E0E0206FC2C000978877 /* Models */,
				6A5CABC9207247EA007B53DC /* Services */,
				6A4A2D8E20710D61008BF540 /* NetworkProvider.swift */,
				6A5CABCE20724C18007B53DC /* Serializer.swift */,
			);
			path = Network;
			sourceTree = "<group>";
		};
		6A6B0D2120618FEB003EDF16 /* Database */ = {
			isa = PBXGroup;
			children = (
			);
			path = Database;
			sourceTree = "<group>";
		};
		6A839578205861B600CD0CDD = {
			isa = PBXGroup;
			children = (
				6A6B0D1E2061871E003EDF16 /* Data */,
				6A8395BB205868F800CD0CDD /* UIModules */,
				6A8395BF2058747F00CD0CDD /* BaseModule */,
				6A839583205861B600CD0CDD /* MovieDB */,
				6A839598205861B600CD0CDD /* MovieDBTests */,
				6A8395A3205861B600CD0CDD /* MovieDBUITests */,
				6A4A2D76206FD338008BF540 /* MovieDBDataTests */,
				6A839582205861B600CD0CDD /* Products */,
				547C2108896FB74800C3D7DC /* Pods */,
				851D62F2E381614CC2AA088E /* Frameworks */,
			);
			sourceTree = "<group>";
		};
		6A839582205861B600CD0CDD /* Products */ = {
			isa = PBXGroup;
			children = (
				6A839581205861B600CD0CDD /* MovieDB.app */,
				6A839595205861B600CD0CDD /* MovieDBTests.xctest */,
				6A8395A0205861B600CD0CDD /* MovieDBUITests.xctest */,
				6A4A2D75206FD337008BF540 /* MovieDBDataTests.xctest */,
			);
			name = Products;
			sourceTree = "<group>";
		};
		6A839583205861B600CD0CDD /* MovieDB */ = {
			isa = PBXGroup;
			children = (
				6A839584205861B600CD0CDD /* AppDelegate.swift */,
				6A839588205861B600CD0CDD /* Main.storyboard */,
				6A83958B205861B600CD0CDD /* Assets.xcassets */,
				6A83958D205861B600CD0CDD /* LaunchScreen.storyboard */,
				6A839590205861B600CD0CDD /* Info.plist */,
			);
			path = MovieDB;
			sourceTree = "<group>";
		};
		6A839598205861B600CD0CDD /* MovieDBTests */ = {
			isa = PBXGroup;
			children = (
				6A839599205861B600CD0CDD /* MovieDBTests.swift */,
				6A6874012064430600299AD4 /* ViewStateTests.swift */,
				6A8395C920587DA100CD0CDD /* ModuleBuilderTests.swift */,
				6A83959B205861B600CD0CDD /* Info.plist */,
			);
			path = MovieDBTests;
			sourceTree = "<group>";
		};
		6A8395A3205861B600CD0CDD /* MovieDBUITests */ = {
			isa = PBXGroup;
			children = (
				6A8395A4205861B600CD0CDD /* MovieDBUITests.swift */,
				6A8395A6205861B600CD0CDD /* Info.plist */,
			);
			path = MovieDBUITests;
			sourceTree = "<group>";
		};
		6A8395B22058620500CD0CDD /* VideoCollection */ = {
			isa = PBXGroup;
			children = (
				6A839586205861B600CD0CDD /* VideoCollectionViewController.swift */,
				6A8395CB2058810400CD0CDD /* VideoCollectionViewCell.swift */,
				6A8395B32058626500CD0CDD /* VideoCollectionPresenter.swift */,
				6A8395B72058659700CD0CDD /* VideoCollectionViewState.swift */,
			);
			path = VideoCollection;
			sourceTree = "<group>";
		};
		6A8395BB205868F800CD0CDD /* UIModules */ = {
			isa = PBXGroup;
			children = (
				6A8395CD2058879800CD0CDD /* Router.swift */,
				6A8395B22058620500CD0CDD /* VideoCollection */,
			);
			path = UIModules;
			sourceTree = "<group>";
		};
		6A8395BC2058690E00CD0CDD /* DataProviders */ = {
			isa = PBXGroup;
			children = (
				6A6B0D2120618FEB003EDF16 /* Database */,
				6A6B0D2020618FD9003EDF16 /* Network */,
				6A5CABCA20724B0A007B53DC /* MovieDataProvider.swift */,
				6A5CABD120724DBC007B53DC /* ListDataProvider.swift */,
				6A8395C32058751200CD0CDD /* DataProvider.swift */,
			);
			path = DataProviders;
			sourceTree = "<group>";
		};
		6A8395BF2058747F00CD0CDD /* BaseModule */ = {
			isa = PBXGroup;
			children = (
				6A8395B5205862DD00CD0CDD /* ModuleProtocols.swift */,
				6A8395C5205875B200CD0CDD /* ModuleBuilder.swift */,
				6A8395C02058749E00CD0CDD /* View.swift */,
				6A8395C720587ABB00CD0CDD /* Presenter.swift */,
				6A6874032064432700299AD4 /* ViewState.swift */,
			);
			path = BaseModule;
			sourceTree = "<group>";
		};
		6A8395C2205874D300CD0CDD /* Models */ = {
			isa = PBXGroup;
			children = (
				6A8395B9205866CE00CD0CDD /* MovieModel.swift */,
			);
			path = Models;
			sourceTree = "<group>";
		};
		6AB3191E206FC57000E8E90E /* APIs */ = {
			isa = PBXGroup;
			children = (
				6A6B0D1C20613C3E003EDF16 /* API.swift */,
				6AB3191F206FC58700E8E90E /* MovieDBAPI.swift */,
				6A5CABD42072503C007B53DC /* MoiceDBAPIClient.swift */,
			);
			path = APIs;
			sourceTree = "<group>";
		};
		6AF0E0E0206FC2C000978877 /* Models */ = {
			isa = PBXGroup;
			children = (
				6A5CABCD20724B76007B53DC /* MovieDB */,
			);
			path = Models;
			sourceTree = "<group>";
		};
		851D62F2E381614CC2AA088E /* Frameworks */ = {
			isa = PBXGroup;
			children = (
				23F50C91E7F7F3D368FD5897 /* Pods_MovieDB.framework */,
				3282CEF9D87ABACB5BA637F9 /* Pods_MovieDBTests.framework */,
				7FA1E40FD23FE80449D9E978 /* Pods_MovieDBUITests.framework */,
			);
			name = Frameworks;
			sourceTree = "<group>";
		};
/* End PBXGroup section */

/* Begin PBXNativeTarget section */
		6A4A2D74206FD337008BF540 /* MovieDBDataTests */ = {
			isa = PBXNativeTarget;
			buildConfigurationList = 6A4A2D7C206FD338008BF540 /* Build configuration list for PBXNativeTarget "MovieDBDataTests" */;
			buildPhases = (
				6A4A2D71206FD337008BF540 /* Sources */,
				6A4A2D72206FD337008BF540 /* Frameworks */,
				6A4A2D73206FD337008BF540 /* Resources */,
			);
			buildRules = (
			);
			dependencies = (
				6A4A2D7B206FD338008BF540 /* PBXTargetDependency */,
			);
			name = MovieDBDataTests;
			productName = MovieDBDataTests;
			productReference = 6A4A2D75206FD337008BF540 /* MovieDBDataTests.xctest */;
			productType = "com.apple.product-type.bundle.unit-test";
		};
		6A839580205861B600CD0CDD /* MovieDB */ = {
			isa = PBXNativeTarget;
			buildConfigurationList = 6A8395A9205861B600CD0CDD /* Build configuration list for PBXNativeTarget "MovieDB" */;
			buildPhases = (
				FF775BA769769DEA70EDE92C /* [CP] Check Pods Manifest.lock */,
				6A83957D205861B600CD0CDD /* Sources */,
				6A83957E205861B600CD0CDD /* Frameworks */,
				6A83957F205861B600CD0CDD /* Resources */,
				C50808187211A67B8563419A /* [CP] Embed Pods Frameworks */,
				AC12F8980775695D562F5D92 /* [CP] Copy Pods Resources */,
			);
			buildRules = (
			);
			dependencies = (
			);
			name = MovieDB;
			productName = videoplayer;
			productReference = 6A839581205861B600CD0CDD /* MovieDB.app */;
			productType = "com.apple.product-type.application";
		};
		6A839594205861B600CD0CDD /* MovieDBTests */ = {
			isa = PBXNativeTarget;
			buildConfigurationList = 6A8395AC205861B600CD0CDD /* Build configuration list for PBXNativeTarget "MovieDBTests" */;
			buildPhases = (
				B4B55D6F67618CB9759CD724 /* [CP] Check Pods Manifest.lock */,
				6A839591205861B600CD0CDD /* Sources */,
				6A839592205861B600CD0CDD /* Frameworks */,
				6A839593205861B600CD0CDD /* Resources */,
				A4495626613B73673821318F /* [CP] Embed Pods Frameworks */,
				D57304A9F5F9A54F3469DA22 /* [CP] Copy Pods Resources */,
			);
			buildRules = (
			);
			dependencies = (
				6A839597205861B600CD0CDD /* PBXTargetDependency */,
			);
			name = MovieDBTests;
			productName = videoplayerTests;
			productReference = 6A839595205861B600CD0CDD /* MovieDBTests.xctest */;
			productType = "com.apple.product-type.bundle.unit-test";
		};
		6A83959F205861B600CD0CDD /* MovieDBUITests */ = {
			isa = PBXNativeTarget;
			buildConfigurationList = 6A8395AF205861B600CD0CDD /* Build configuration list for PBXNativeTarget "MovieDBUITests" */;
			buildPhases = (
				0F25E45A7C063DD66FBAE0B5 /* [CP] Check Pods Manifest.lock */,
				6A83959C205861B600CD0CDD /* Sources */,
				6A83959D205861B600CD0CDD /* Frameworks */,
				6A83959E205861B600CD0CDD /* Resources */,
				9817DB5821AC6A7B59783E31 /* [CP] Embed Pods Frameworks */,
				3CEB6B7791283DEC42BAD66A /* [CP] Copy Pods Resources */,
			);
			buildRules = (
			);
			dependencies = (
				6A8395A2205861B600CD0CDD /* PBXTargetDependency */,
			);
			name = MovieDBUITests;
			productName = videoplayerUITests;
			productReference = 6A8395A0205861B600CD0CDD /* MovieDBUITests.xctest */;
			productType = "com.apple.product-type.bundle.ui-testing";
		};
/* End PBXNativeTarget section */

/* Begin PBXProject section */
		6A839579205861B600CD0CDD /* Project object */ = {
			isa = PBXProject;
			attributes = {
				LastSwiftUpdateCheck = 0920;
				LastUpgradeCheck = 0930;
				ORGANIZATIONNAME = "Tim Studt";
				TargetAttributes = {
					6A4A2D74206FD337008BF540 = {
						CreatedOnToolsVersion = 9.2;
						ProvisioningStyle = Automatic;
						TestTargetID = 6A839580205861B600CD0CDD;
					};
					6A839580205861B600CD0CDD = {
						CreatedOnToolsVersion = 9.2;
						ProvisioningStyle = Automatic;
					};
					6A839594205861B600CD0CDD = {
						CreatedOnToolsVersion = 9.2;
						ProvisioningStyle = Automatic;
						TestTargetID = 6A839580205861B600CD0CDD;
					};
					6A83959F205861B600CD0CDD = {
						CreatedOnToolsVersion = 9.2;
						ProvisioningStyle = Automatic;
						TestTargetID = 6A839580205861B600CD0CDD;
					};
				};
			};
			buildConfigurationList = 6A83957C205861B600CD0CDD /* Build configuration list for PBXProject "MovieDB" */;
			compatibilityVersion = "Xcode 8.0";
			developmentRegion = en;
			hasScannedForEncodings = 0;
			knownRegions = (
				en,
				Base,
			);
			mainGroup = 6A839578205861B600CD0CDD;
			productRefGroup = 6A839582205861B600CD0CDD /* Products */;
			projectDirPath = "";
			projectRoot = "";
			targets = (
				6A839580205861B600CD0CDD /* MovieDB */,
				6A839594205861B600CD0CDD /* MovieDBTests */,
				6A83959F205861B600CD0CDD /* MovieDBUITests */,
				6A4A2D74206FD337008BF540 /* MovieDBDataTests */,
			);
		};
/* End PBXProject section */

/* Begin PBXResourcesBuildPhase section */
		6A4A2D73206FD337008BF540 /* Resources */ = {
			isa = PBXResourcesBuildPhase;
			buildActionMask = 2147483647;
			files = (
			);
			runOnlyForDeploymentPostprocessing = 0;
		};
		6A83957F205861B600CD0CDD /* Resources */ = {
			isa = PBXResourcesBuildPhase;
			buildActionMask = 2147483647;
			files = (
				6A83958F205861B600CD0CDD /* LaunchScreen.storyboard in Resources */,
				6A83958C205861B600CD0CDD /* Assets.xcassets in Resources */,
				6A83958A205861B600CD0CDD /* Main.storyboard in Resources */,
			);
			runOnlyForDeploymentPostprocessing = 0;
		};
		6A839593205861B600CD0CDD /* Resources */ = {
			isa = PBXResourcesBuildPhase;
			buildActionMask = 2147483647;
			files = (
			);
			runOnlyForDeploymentPostprocessing = 0;
		};
		6A83959E205861B600CD0CDD /* Resources */ = {
			isa = PBXResourcesBuildPhase;
			buildActionMask = 2147483647;
			files = (
			);
			runOnlyForDeploymentPostprocessing = 0;
		};
/* End PBXResourcesBuildPhase section */

/* Begin PBXShellScriptBuildPhase section */
		0F25E45A7C063DD66FBAE0B5 /* [CP] Check Pods Manifest.lock */ = {
			isa = PBXShellScriptBuildPhase;
			buildActionMask = 2147483647;
			files = (
			);
			inputPaths = (
				"${PODS_PODFILE_DIR_PATH}/Podfile.lock",
				"${PODS_ROOT}/Manifest.lock",
			);
			name = "[CP] Check Pods Manifest.lock";
			outputPaths = (
				"$(DERIVED_FILE_DIR)/Pods-MovieDBUITests-checkManifestLockResult.txt",
			);
			runOnlyForDeploymentPostprocessing = 0;
			shellPath = /bin/sh;
			shellScript = "diff \"${PODS_PODFILE_DIR_PATH}/Podfile.lock\" \"${PODS_ROOT}/Manifest.lock\" > /dev/null\nif [ $? != 0 ] ; then\n    # print error to STDERR\n    echo \"error: The sandbox is not in sync with the Podfile.lock. Run 'pod install' or update your CocoaPods installation.\" >&2\n    exit 1\nfi\n# This output is used by Xcode 'outputs' to avoid re-running this script phase.\necho \"SUCCESS\" > \"${SCRIPT_OUTPUT_FILE_0}\"\n";
			showEnvVarsInLog = 0;
		};
		3CEB6B7791283DEC42BAD66A /* [CP] Copy Pods Resources */ = {
			isa = PBXShellScriptBuildPhase;
			buildActionMask = 2147483647;
			files = (
			);
			inputPaths = (
			);
			name = "[CP] Copy Pods Resources";
			outputPaths = (
			);
			runOnlyForDeploymentPostprocessing = 0;
			shellPath = /bin/sh;
			shellScript = "\"${SRCROOT}/Pods/Target Support Files/Pods-MovieDBUITests/Pods-MovieDBUITests-resources.sh\"\n";
			showEnvVarsInLog = 0;
		};
		9817DB5821AC6A7B59783E31 /* [CP] Embed Pods Frameworks */ = {
			isa = PBXShellScriptBuildPhase;
			buildActionMask = 2147483647;
			files = (
			);
			inputPaths = (
			);
			name = "[CP] Embed Pods Frameworks";
			outputPaths = (
			);
			runOnlyForDeploymentPostprocessing = 0;
			shellPath = /bin/sh;
			shellScript = "\"${SRCROOT}/Pods/Target Support Files/Pods-MovieDBUITests/Pods-MovieDBUITests-frameworks.sh\"\n";
			showEnvVarsInLog = 0;
		};
		A4495626613B73673821318F /* [CP] Embed Pods Frameworks */ = {
			isa = PBXShellScriptBuildPhase;
			buildActionMask = 2147483647;
			files = (
			);
			inputPaths = (
			);
			name = "[CP] Embed Pods Frameworks";
			outputPaths = (
			);
			runOnlyForDeploymentPostprocessing = 0;
			shellPath = /bin/sh;
			shellScript = "\"${SRCROOT}/Pods/Target Support Files/Pods-MovieDBTests/Pods-MovieDBTests-frameworks.sh\"\n";
			showEnvVarsInLog = 0;
		};
		AC12F8980775695D562F5D92 /* [CP] Copy Pods Resources */ = {
			isa = PBXShellScriptBuildPhase;
			buildActionMask = 2147483647;
			files = (
			);
			inputPaths = (
			);
			name = "[CP] Copy Pods Resources";
			outputPaths = (
			);
			runOnlyForDeploymentPostprocessing = 0;
			shellPath = /bin/sh;
			shellScript = "\"${SRCROOT}/Pods/Target Support Files/Pods-MovieDB/Pods-MovieDB-resources.sh\"\n";
			showEnvVarsInLog = 0;
		};
		B4B55D6F67618CB9759CD724 /* [CP] Check Pods Manifest.lock */ = {
			isa = PBXShellScriptBuildPhase;
			buildActionMask = 2147483647;
			files = (
			);
			inputPaths = (
				"${PODS_PODFILE_DIR_PATH}/Podfile.lock",
				"${PODS_ROOT}/Manifest.lock",
			);
			name = "[CP] Check Pods Manifest.lock";
			outputPaths = (
				"$(DERIVED_FILE_DIR)/Pods-MovieDBTests-checkManifestLockResult.txt",
			);
			runOnlyForDeploymentPostprocessing = 0;
			shellPath = /bin/sh;
			shellScript = "diff \"${PODS_PODFILE_DIR_PATH}/Podfile.lock\" \"${PODS_ROOT}/Manifest.lock\" > /dev/null\nif [ $? != 0 ] ; then\n    # print error to STDERR\n    echo \"error: The sandbox is not in sync with the Podfile.lock. Run 'pod install' or update your CocoaPods installation.\" >&2\n    exit 1\nfi\n# This output is used by Xcode 'outputs' to avoid re-running this script phase.\necho \"SUCCESS\" > \"${SCRIPT_OUTPUT_FILE_0}\"\n";
			showEnvVarsInLog = 0;
		};
		C50808187211A67B8563419A /* [CP] Embed Pods Frameworks */ = {
			isa = PBXShellScriptBuildPhase;
			buildActionMask = 2147483647;
			files = (
			);
			inputPaths = (
				"${SRCROOT}/Pods/Target Support Files/Pods-MovieDB/Pods-MovieDB-frameworks.sh",
				"${BUILT_PRODUCTS_DIR}/Alamofire/Alamofire.framework",
			);
			name = "[CP] Embed Pods Frameworks";
			outputPaths = (
				"${TARGET_BUILD_DIR}/${FRAMEWORKS_FOLDER_PATH}/Alamofire.framework",
			);
			runOnlyForDeploymentPostprocessing = 0;
			shellPath = /bin/sh;
			shellScript = "\"${SRCROOT}/Pods/Target Support Files/Pods-MovieDB/Pods-MovieDB-frameworks.sh\"\n";
			showEnvVarsInLog = 0;
		};
		D57304A9F5F9A54F3469DA22 /* [CP] Copy Pods Resources */ = {
			isa = PBXShellScriptBuildPhase;
			buildActionMask = 2147483647;
			files = (
			);
			inputPaths = (
			);
			name = "[CP] Copy Pods Resources";
			outputPaths = (
			);
			runOnlyForDeploymentPostprocessing = 0;
			shellPath = /bin/sh;
			shellScript = "\"${SRCROOT}/Pods/Target Support Files/Pods-MovieDBTests/Pods-MovieDBTests-resources.sh\"\n";
			showEnvVarsInLog = 0;
		};
		FF775BA769769DEA70EDE92C /* [CP] Check Pods Manifest.lock */ = {
			isa = PBXShellScriptBuildPhase;
			buildActionMask = 2147483647;
			files = (
			);
			inputPaths = (
				"${PODS_PODFILE_DIR_PATH}/Podfile.lock",
				"${PODS_ROOT}/Manifest.lock",
			);
			name = "[CP] Check Pods Manifest.lock";
			outputPaths = (
				"$(DERIVED_FILE_DIR)/Pods-MovieDB-checkManifestLockResult.txt",
			);
			runOnlyForDeploymentPostprocessing = 0;
			shellPath = /bin/sh;
			shellScript = "diff \"${PODS_PODFILE_DIR_PATH}/Podfile.lock\" \"${PODS_ROOT}/Manifest.lock\" > /dev/null\nif [ $? != 0 ] ; then\n    # print error to STDERR\n    echo \"error: The sandbox is not in sync with the Podfile.lock. Run 'pod install' or update your CocoaPods installation.\" >&2\n    exit 1\nfi\n# This output is used by Xcode 'outputs' to avoid re-running this script phase.\necho \"SUCCESS\" > \"${SCRIPT_OUTPUT_FILE_0}\"\n";
			showEnvVarsInLog = 0;
		};
/* End PBXShellScriptBuildPhase section */

/* Begin PBXSourcesBuildPhase section */
		6A4A2D71206FD337008BF540 /* Sources */ = {
			isa = PBXSourcesBuildPhase;
			buildActionMask = 2147483647;
			files = (
				6A4A2D8C20710CCE008BF540 /* MovieModel.swift in Sources */,
				6A5CABD9207250A6007B53DC /* URLSessionConnector.swift in Sources */,
				6A4A2D9020710D61008BF540 /* NetworkProvider.swift in Sources */,
				6A4A2D8720710C93008BF540 /* DataProvider.swift in Sources */,
				6A5CABD020724C18007B53DC /* Serializer.swift in Sources */,
				6A4A2D8B20710CA6008BF540 /* ResponseModel.swift in Sources */,
				6A4A2D8A20710CA3008BF540 /* MovieNetworkModel.swift in Sources */,
				6A5CABDB207253FE007B53DC /* MovieNetworkServiceTests.swift in Sources */,
				6A4A2D80206FD353008BF540 /* API.swift in Sources */,
				6A4A2D7F206FD34B008BF540 /* MovieDBAPITests.swift in Sources */,
				6A4A2D8620710BD3008BF540 /* MovieRepository.swift in Sources */,
				6A4A2D81206FD357008BF540 /* MovieDBAPI.swift in Sources */,
				6A4A2D8520710BC2008BF540 /* MovieRepositoryTests.swift in Sources */,
				6A4A2D8820710C9C008BF540 /* NetworkService.swift in Sources */,
				6A5CABD320724DBC007B53DC /* ListDataProvider.swift in Sources */,
				6A5CABD62072503C007B53DC /* MoiceDBAPIClient.swift in Sources */,
				6A4A2D8920710C9F008BF540 /* MovieNetworkService.swift in Sources */,
				6A5CABCC20724B0A007B53DC /* MovieDataProvider.swift in Sources */,
			);
			runOnlyForDeploymentPostprocessing = 0;
		};
		6A83957D205861B600CD0CDD /* Sources */ = {
			isa = PBXSourcesBuildPhase;
			buildActionMask = 2147483647;
			files = (
				6A8395C12058749E00CD0CDD /* View.swift in Sources */,
				6A5CABD52072503C007B53DC /* MoiceDBAPIClient.swift in Sources */,
				6A8395C820587ABB00CD0CDD /* Presenter.swift in Sources */,
				6A839587205861B600CD0CDD /* VideoCollectionViewController.swift in Sources */,
				6A8395BA205866CE00CD0CDD /* MovieModel.swift in Sources */,
				6A8395C6205875B200CD0CDD /* ModuleBuilder.swift in Sources */,
				6A5CABCB20724B0A007B53DC /* MovieDataProvider.swift in Sources */,
				6A8395B42058626500CD0CDD /* VideoCollectionPresenter.swift in Sources */,
				6A4A2D832070DAA4008BF540 /* AlamofireConnector.swift in Sources */,
				6A8395CC2058810400CD0CDD /* VideoCollectionViewCell.swift in Sources */,
				6AB31920206FC58700E8E90E /* MovieDBAPI.swift in Sources */,
				6A4A2D8F20710D61008BF540 /* NetworkProvider.swift in Sources */,
				6A839585205861B600CD0CDD /* AppDelegate.swift in Sources */,
				6A8395B82058659700CD0CDD /* VideoCollectionViewState.swift in Sources */,
				6A5CABCF20724C18007B53DC /* Serializer.swift in Sources */,
				6A8395C42058751200CD0CDD /* DataProvider.swift in Sources */,
				6A6B0D2520619065003EDF16 /* NetworkService.swift in Sources */,
				6AF0E0E2206FC2DD00978877 /* ResponseModel.swift in Sources */,
				6A5CABD220724DBC007B53DC /* ListDataProvider.swift in Sources */,
				6AF0E0E4206FC33000978877 /* MovieNetworkModel.swift in Sources */,
				6A6B0D232061902C003EDF16 /* MovieNetworkService.swift in Sources */,
				6A8395B6205862DD00CD0CDD /* ModuleProtocols.swift in Sources */,
				6A8395BE2058692900CD0CDD /* MovieRepository.swift in Sources */,
				6A6B0D1D20613C3E003EDF16 /* API.swift in Sources */,
				6A6874042064432700299AD4 /* ViewState.swift in Sources */,
				6A5CABD8207250A6007B53DC /* URLSessionConnector.swift in Sources */,
				6A8395CE2058879800CD0CDD /* Router.swift in Sources */,
			);
			runOnlyForDeploymentPostprocessing = 0;
		};
		6A839591205861B600CD0CDD /* Sources */ = {
			isa = PBXSourcesBuildPhase;
			buildActionMask = 2147483647;
			files = (
				6A6874022064430600299AD4 /* ViewStateTests.swift in Sources */,
				6A83959A205861B600CD0CDD /* MovieDBTests.swift in Sources */,
				6A8395CA20587DA100CD0CDD /* ModuleBuilderTests.swift in Sources */,
			);
			runOnlyForDeploymentPostprocessing = 0;
		};
		6A83959C205861B600CD0CDD /* Sources */ = {
			isa = PBXSourcesBuildPhase;
			buildActionMask = 2147483647;
			files = (
				6A8395A5205861B600CD0CDD /* MovieDBUITests.swift in Sources */,
			);
			runOnlyForDeploymentPostprocessing = 0;
		};
/* End PBXSourcesBuildPhase section */

/* Begin PBXTargetDependency section */
		6A4A2D7B206FD338008BF540 /* PBXTargetDependency */ = {
			isa = PBXTargetDependency;
			target = 6A839580205861B600CD0CDD /* MovieDB */;
			targetProxy = 6A4A2D7A206FD338008BF540 /* PBXContainerItemProxy */;
		};
		6A839597205861B600CD0CDD /* PBXTargetDependency */ = {
			isa = PBXTargetDependency;
			target = 6A839580205861B600CD0CDD /* MovieDB */;
			targetProxy = 6A839596205861B600CD0CDD /* PBXContainerItemProxy */;
		};
		6A8395A2205861B600CD0CDD /* PBXTargetDependency */ = {
			isa = PBXTargetDependency;
			target = 6A839580205861B600CD0CDD /* MovieDB */;
			targetProxy = 6A8395A1205861B600CD0CDD /* PBXContainerItemProxy */;
		};
/* End PBXTargetDependency section */

/* Begin PBXVariantGroup section */
		6A839588205861B600CD0CDD /* Main.storyboard */ = {
			isa = PBXVariantGroup;
			children = (
				6A839589205861B600CD0CDD /* Base */,
			);
			name = Main.storyboard;
			sourceTree = "<group>";
		};
		6A83958D205861B600CD0CDD /* LaunchScreen.storyboard */ = {
			isa = PBXVariantGroup;
			children = (
				6A83958E205861B600CD0CDD /* Base */,
			);
			name = LaunchScreen.storyboard;
			sourceTree = "<group>";
		};
/* End PBXVariantGroup section */

/* Begin XCBuildConfiguration section */
		6A4A2D7D206FD338008BF540 /* Debug */ = {
			isa = XCBuildConfiguration;
			buildSettings = {
				BUNDLE_LOADER = "$(TEST_HOST)";
				CODE_SIGN_STYLE = Automatic;
				INFOPLIST_FILE = MovieDBDataTests/Info.plist;
				LD_RUNPATH_SEARCH_PATHS = "$(inherited) @executable_path/Frameworks @loader_path/Frameworks";
				PRODUCT_BUNDLE_IDENTIFIER = ts.MovieDBDataTests;
				PRODUCT_NAME = "$(TARGET_NAME)";
				SWIFT_VERSION = 4.0;
				TARGETED_DEVICE_FAMILY = "1,2";
				TEST_HOST = "$(BUILT_PRODUCTS_DIR)/MovieDB.app/MovieDB";
			};
			name = Debug;
		};
		6A4A2D7E206FD338008BF540 /* Release */ = {
			isa = XCBuildConfiguration;
			buildSettings = {
				BUNDLE_LOADER = "$(TEST_HOST)";
				CODE_SIGN_STYLE = Automatic;
				INFOPLIST_FILE = MovieDBDataTests/Info.plist;
				LD_RUNPATH_SEARCH_PATHS = "$(inherited) @executable_path/Frameworks @loader_path/Frameworks";
				PRODUCT_BUNDLE_IDENTIFIER = ts.MovieDBDataTests;
				PRODUCT_NAME = "$(TARGET_NAME)";
				SWIFT_VERSION = 4.0;
				TARGETED_DEVICE_FAMILY = "1,2";
				TEST_HOST = "$(BUILT_PRODUCTS_DIR)/MovieDB.app/MovieDB";
			};
			name = Release;
		};
		6A8395A7205861B600CD0CDD /* Debug */ = {
			isa = XCBuildConfiguration;
			buildSettings = {
				ALWAYS_SEARCH_USER_PATHS = NO;
				CLANG_ANALYZER_NONNULL = YES;
				CLANG_ANALYZER_NUMBER_OBJECT_CONVERSION = YES_AGGRESSIVE;
				CLANG_CXX_LANGUAGE_STANDARD = "gnu++14";
				CLANG_CXX_LIBRARY = "libc++";
				CLANG_ENABLE_MODULES = YES;
				CLANG_ENABLE_OBJC_ARC = YES;
				CLANG_WARN_BLOCK_CAPTURE_AUTORELEASING = YES;
				CLANG_WARN_BOOL_CONVERSION = YES;
				CLANG_WARN_COMMA = YES;
				CLANG_WARN_CONSTANT_CONVERSION = YES;
				CLANG_WARN_DEPRECATED_OBJC_IMPLEMENTATIONS = YES;
				CLANG_WARN_DIRECT_OBJC_ISA_USAGE = YES_ERROR;
				CLANG_WARN_DOCUMENTATION_COMMENTS = YES;
				CLANG_WARN_EMPTY_BODY = YES;
				CLANG_WARN_ENUM_CONVERSION = YES;
				CLANG_WARN_INFINITE_RECURSION = YES;
				CLANG_WARN_INT_CONVERSION = YES;
				CLANG_WARN_NON_LITERAL_NULL_CONVERSION = YES;
				CLANG_WARN_OBJC_IMPLICIT_RETAIN_SELF = YES;
				CLANG_WARN_OBJC_LITERAL_CONVERSION = YES;
				CLANG_WARN_OBJC_ROOT_CLASS = YES_ERROR;
				CLANG_WARN_RANGE_LOOP_ANALYSIS = YES;
				CLANG_WARN_STRICT_PROTOTYPES = YES;
				CLANG_WARN_SUSPICIOUS_MOVE = YES;
				CLANG_WARN_UNGUARDED_AVAILABILITY = YES_AGGRESSIVE;
				CLANG_WARN_UNREACHABLE_CODE = YES;
				CLANG_WARN__DUPLICATE_METHOD_MATCH = YES;
				CODE_SIGN_IDENTITY = "iPhone Developer";
				COPY_PHASE_STRIP = NO;
				DEBUG_INFORMATION_FORMAT = dwarf;
				ENABLE_STRICT_OBJC_MSGSEND = YES;
				ENABLE_TESTABILITY = YES;
				GCC_C_LANGUAGE_STANDARD = gnu11;
				GCC_DYNAMIC_NO_PIC = NO;
				GCC_NO_COMMON_BLOCKS = YES;
				GCC_OPTIMIZATION_LEVEL = 0;
				GCC_PREPROCESSOR_DEFINITIONS = (
					"DEBUG=1",
					"$(inherited)",
				);
				GCC_WARN_64_TO_32_BIT_CONVERSION = YES;
				GCC_WARN_ABOUT_RETURN_TYPE = YES_ERROR;
				GCC_WARN_UNDECLARED_SELECTOR = YES;
				GCC_WARN_UNINITIALIZED_AUTOS = YES_AGGRESSIVE;
				GCC_WARN_UNUSED_FUNCTION = YES;
				GCC_WARN_UNUSED_VARIABLE = YES;
				IPHONEOS_DEPLOYMENT_TARGET = 11.2;
				MTL_ENABLE_DEBUG_INFO = YES;
				ONLY_ACTIVE_ARCH = YES;
				SDKROOT = iphoneos;
				SWIFT_ACTIVE_COMPILATION_CONDITIONS = DEBUG;
				SWIFT_OPTIMIZATION_LEVEL = "-Onone";
			};
			name = Debug;
		};
		6A8395A8205861B600CD0CDD /* Release */ = {
			isa = XCBuildConfiguration;
			buildSettings = {
				ALWAYS_SEARCH_USER_PATHS = NO;
				CLANG_ANALYZER_NONNULL = YES;
				CLANG_ANALYZER_NUMBER_OBJECT_CONVERSION = YES_AGGRESSIVE;
				CLANG_CXX_LANGUAGE_STANDARD = "gnu++14";
				CLANG_CXX_LIBRARY = "libc++";
				CLANG_ENABLE_MODULES = YES;
				CLANG_ENABLE_OBJC_ARC = YES;
				CLANG_WARN_BLOCK_CAPTURE_AUTORELEASING = YES;
				CLANG_WARN_BOOL_CONVERSION = YES;
				CLANG_WARN_COMMA = YES;
				CLANG_WARN_CONSTANT_CONVERSION = YES;
				CLANG_WARN_DEPRECATED_OBJC_IMPLEMENTATIONS = YES;
				CLANG_WARN_DIRECT_OBJC_ISA_USAGE = YES_ERROR;
				CLANG_WARN_DOCUMENTATION_COMMENTS = YES;
				CLANG_WARN_EMPTY_BODY = YES;
				CLANG_WARN_ENUM_CONVERSION = YES;
				CLANG_WARN_INFINITE_RECURSION = YES;
				CLANG_WARN_INT_CONVERSION = YES;
				CLANG_WARN_NON_LITERAL_NULL_CONVERSION = YES;
				CLANG_WARN_OBJC_IMPLICIT_RETAIN_SELF = YES;
				CLANG_WARN_OBJC_LITERAL_CONVERSION = YES;
				CLANG_WARN_OBJC_ROOT_CLASS = YES_ERROR;
				CLANG_WARN_RANGE_LOOP_ANALYSIS = YES;
				CLANG_WARN_STRICT_PROTOTYPES = YES;
				CLANG_WARN_SUSPICIOUS_MOVE = YES;
				CLANG_WARN_UNGUARDED_AVAILABILITY = YES_AGGRESSIVE;
				CLANG_WARN_UNREACHABLE_CODE = YES;
				CLANG_WARN__DUPLICATE_METHOD_MATCH = YES;
				CODE_SIGN_IDENTITY = "iPhone Developer";
				COPY_PHASE_STRIP = NO;
				DEBUG_INFORMATION_FORMAT = "dwarf-with-dsym";
				ENABLE_NS_ASSERTIONS = NO;
				ENABLE_STRICT_OBJC_MSGSEND = YES;
				GCC_C_LANGUAGE_STANDARD = gnu11;
				GCC_NO_COMMON_BLOCKS = YES;
				GCC_WARN_64_TO_32_BIT_CONVERSION = YES;
				GCC_WARN_ABOUT_RETURN_TYPE = YES_ERROR;
				GCC_WARN_UNDECLARED_SELECTOR = YES;
				GCC_WARN_UNINITIALIZED_AUTOS = YES_AGGRESSIVE;
				GCC_WARN_UNUSED_FUNCTION = YES;
				GCC_WARN_UNUSED_VARIABLE = YES;
				IPHONEOS_DEPLOYMENT_TARGET = 11.2;
				MTL_ENABLE_DEBUG_INFO = NO;
				SDKROOT = iphoneos;
				SWIFT_OPTIMIZATION_LEVEL = "-Owholemodule";
				VALIDATE_PRODUCT = YES;
			};
			name = Release;
		};
		6A8395AA205861B600CD0CDD /* Debug */ = {
			isa = XCBuildConfiguration;
			baseConfigurationReference = 5E7EEFBC3D44C6CE92FEA9E6 /* Pods-MovieDB.debug.xcconfig */;
			buildSettings = {
				ASSETCATALOG_COMPILER_APPICON_NAME = AppIcon;
				CODE_SIGN_STYLE = Automatic;
				INFOPLIST_FILE = MovieDB/Info.plist;
				LD_RUNPATH_SEARCH_PATHS = "$(inherited) @executable_path/Frameworks";
				OTHER_SWIFT_FLAGS = "$(inherited) \"-D\" \"COCOAPODS\" -Xfrontend -debug-time-function-bodies";
				PRODUCT_BUNDLE_IDENTIFIER = ts.moviedb;
				PRODUCT_NAME = "$(TARGET_NAME)";
				SWIFT_VERSION = 4.0;
				TARGETED_DEVICE_FAMILY = "1,2";
			};
			name = Debug;
		};
		6A8395AB205861B600CD0CDD /* Release */ = {
			isa = XCBuildConfiguration;
			baseConfigurationReference = 2E30C295CEFE07E1AD1AAF4D /* Pods-MovieDB.release.xcconfig */;
			buildSettings = {
				ASSETCATALOG_COMPILER_APPICON_NAME = AppIcon;
				CODE_SIGN_STYLE = Automatic;
				INFOPLIST_FILE = MovieDB/Info.plist;
				LD_RUNPATH_SEARCH_PATHS = "$(inherited) @executable_path/Frameworks";
				OTHER_SWIFT_FLAGS = "$(inherited) \"-D\" \"COCOAPODS\" -Xfrontend -debug-time-function-bodies";
				PRODUCT_BUNDLE_IDENTIFIER = ts.moviedb;
				PRODUCT_NAME = "$(TARGET_NAME)";
				SWIFT_VERSION = 4.0;
				TARGETED_DEVICE_FAMILY = "1,2";
			};
			name = Release;
		};
		6A8395AD205861B600CD0CDD /* Debug */ = {
			isa = XCBuildConfiguration;
			baseConfigurationReference = BBA3AFBD27E0C7B3FFC37057 /* Pods-MovieDBTests.debug.xcconfig */;
			buildSettings = {
				ALWAYS_EMBED_SWIFT_STANDARD_LIBRARIES = YES;
				BUNDLE_LOADER = "$(TEST_HOST)";
				CODE_SIGN_STYLE = Automatic;
				INFOPLIST_FILE = MovieDBTests/Info.plist;
				LD_RUNPATH_SEARCH_PATHS = "$(inherited) @executable_path/Frameworks @loader_path/Frameworks";
				PRODUCT_BUNDLE_IDENTIFIER = ts.videoplayerTests;
				PRODUCT_NAME = "$(TARGET_NAME)";
				SWIFT_VERSION = 4.0;
				TARGETED_DEVICE_FAMILY = "1,2";
				TEST_HOST = "$(BUILT_PRODUCTS_DIR)/MovieDB.app/MovieDB";
			};
			name = Debug;
		};
		6A8395AE205861B600CD0CDD /* Release */ = {
			isa = XCBuildConfiguration;
			baseConfigurationReference = C9C0EF95CF3BEE0B63459D3F /* Pods-MovieDBTests.release.xcconfig */;
			buildSettings = {
				ALWAYS_EMBED_SWIFT_STANDARD_LIBRARIES = YES;
				BUNDLE_LOADER = "$(TEST_HOST)";
				CODE_SIGN_STYLE = Automatic;
				INFOPLIST_FILE = MovieDBTests/Info.plist;
				LD_RUNPATH_SEARCH_PATHS = "$(inherited) @executable_path/Frameworks @loader_path/Frameworks";
				PRODUCT_BUNDLE_IDENTIFIER = ts.videoplayerTests;
				PRODUCT_NAME = "$(TARGET_NAME)";
				SWIFT_VERSION = 4.0;
				TARGETED_DEVICE_FAMILY = "1,2";
				TEST_HOST = "$(BUILT_PRODUCTS_DIR)/MovieDB.app/MovieDB";
			};
			name = Release;
		};
		6A8395B0205861B600CD0CDD /* Debug */ = {
			isa = XCBuildConfiguration;
			baseConfigurationReference = 4AD289D530A16D6005571641 /* Pods-MovieDBUITests.debug.xcconfig */;
			buildSettings = {
				ALWAYS_EMBED_SWIFT_STANDARD_LIBRARIES = YES;
				CODE_SIGN_STYLE = Automatic;
				INFOPLIST_FILE = MovieDBUITests/Info.plist;
				LD_RUNPATH_SEARCH_PATHS = "$(inherited) @executable_path/Frameworks @loader_path/Frameworks";
				PRODUCT_BUNDLE_IDENTIFIER = ts.MovieDBUITests;
				PRODUCT_NAME = "$(TARGET_NAME)";
				SWIFT_VERSION = 4.0;
				TARGETED_DEVICE_FAMILY = "1,2";
				TEST_TARGET_NAME = MovieDB;
			};
			name = Debug;
		};
		6A8395B1205861B600CD0CDD /* Release */ = {
			isa = XCBuildConfiguration;
			baseConfigurationReference = BBE9BF9614042FE9CC436BBE /* Pods-MovieDBUITests.release.xcconfig */;
			buildSettings = {
				ALWAYS_EMBED_SWIFT_STANDARD_LIBRARIES = YES;
				CODE_SIGN_STYLE = Automatic;
				INFOPLIST_FILE = MovieDBUITests/Info.plist;
				LD_RUNPATH_SEARCH_PATHS = "$(inherited) @executable_path/Frameworks @loader_path/Frameworks";
				PRODUCT_BUNDLE_IDENTIFIER = ts.MovieDBUITests;
				PRODUCT_NAME = "$(TARGET_NAME)";
				SWIFT_VERSION = 4.0;
				TARGETED_DEVICE_FAMILY = "1,2";
				TEST_TARGET_NAME = MovieDB;
			};
			name = Release;
		};
/* End XCBuildConfiguration section */

/* Begin XCConfigurationList section */
		6A4A2D7C206FD338008BF540 /* Build configuration list for PBXNativeTarget "MovieDBDataTests" */ = {
			isa = XCConfigurationList;
			buildConfigurations = (
				6A4A2D7D206FD338008BF540 /* Debug */,
				6A4A2D7E206FD338008BF540 /* Release */,
			);
			defaultConfigurationIsVisible = 0;
			defaultConfigurationName = Release;
		};
		6A83957C205861B600CD0CDD /* Build configuration list for PBXProject "MovieDB" */ = {
			isa = XCConfigurationList;
			buildConfigurations = (
				6A8395A7205861B600CD0CDD /* Debug */,
				6A8395A8205861B600CD0CDD /* Release */,
			);
			defaultConfigurationIsVisible = 0;
			defaultConfigurationName = Release;
		};
		6A8395A9205861B600CD0CDD /* Build configuration list for PBXNativeTarget "MovieDB" */ = {
			isa = XCConfigurationList;
			buildConfigurations = (
				6A8395AA205861B600CD0CDD /* Debug */,
				6A8395AB205861B600CD0CDD /* Release */,
			);
			defaultConfigurationIsVisible = 0;
			defaultConfigurationName = Release;
		};
		6A8395AC205861B600CD0CDD /* Build configuration list for PBXNativeTarget "MovieDBTests" */ = {
			isa = XCConfigurationList;
			buildConfigurations = (
				6A8395AD205861B600CD0CDD /* Debug */,
				6A8395AE205861B600CD0CDD /* Release */,
			);
			defaultConfigurationIsVisible = 0;
			defaultConfigurationName = Release;
		};
		6A8395AF205861B600CD0CDD /* Build configuration list for PBXNativeTarget "MovieDBUITests" */ = {
			isa = XCConfigurationList;
			buildConfigurations = (
				6A8395B0205861B600CD0CDD /* Debug */,
				6A8395B1205861B600CD0CDD /* Release */,
			);
			defaultConfigurationIsVisible = 0;
			defaultConfigurationName = Release;
		};
/* End XCConfigurationList section */
	};
	rootObject = 6A839579205861B600CD0CDD /* Project object */;
}
