// !$*UTF8*$!
{
	archiveVersion = 1;
	classes = {
	};
	objectVersion = 48;
	objects = {

/* Begin PBXBuildFile section */
		18022FE3C9C502594C675B1F /* Pods_MovieDBUITests.framework in Frameworks */ = {isa = PBXBuildFile; fileRef = 7FA1E40FD23FE80449D9E978 /* Pods_MovieDBUITests.framework */; };
		2221062D22DBB0280081AD04 /* MovieEndpoint.swift in Sources */ = {isa = PBXBuildFile; fileRef = 2221062C22DBB0280081AD04 /* MovieEndpoint.swift */; };
		2221062F22DBB7230081AD04 /* Endpoint.swift in Sources */ = {isa = PBXBuildFile; fileRef = 2221062E22DBB7230081AD04 /* Endpoint.swift */; };
		2221063122DC62390081AD04 /* SearchEndpoint.swift in Sources */ = {isa = PBXBuildFile; fileRef = 2221063022DC62390081AD04 /* SearchEndpoint.swift */; };
		2221063322DC72160081AD04 /* MovieEndpoint.swift in Sources */ = {isa = PBXBuildFile; fileRef = 2221062C22DBB0280081AD04 /* MovieEndpoint.swift */; };
		2221063422DC72200081AD04 /* SearchEndpoint.swift in Sources */ = {isa = PBXBuildFile; fileRef = 2221063022DC62390081AD04 /* SearchEndpoint.swift */; };
		2221063722DC738C0081AD04 /* Endpoint.swift in Sources */ = {isa = PBXBuildFile; fileRef = 2221062E22DBB7230081AD04 /* Endpoint.swift */; };
		223B1E8021FE451E00C40CED /* GetMovies.swift in Sources */ = {isa = PBXBuildFile; fileRef = 223B1E7F21FE451E00C40CED /* GetMovies.swift */; };
		22775EDD224689F7004E62ED /* API+Automockable.swift in Sources */ = {isa = PBXBuildFile; fileRef = 22775EDB224688C2004E62ED /* API+Automockable.swift */; };
		228646E422DA8E170099E341 /* ReusableCell.swift in Sources */ = {isa = PBXBuildFile; fileRef = 228646E322DA8E160099E341 /* ReusableCell.swift */; };
		22BD8FB121AF02B000CA3D23 /* Observable+CompletionBlock.swift in Sources */ = {isa = PBXBuildFile; fileRef = 22BD8FB021AF02B000CA3D23 /* Observable+CompletionBlock.swift */; };
		22BD8FB321AF035200CA3D23 /* Result.swift in Sources */ = {isa = PBXBuildFile; fileRef = 22BD8FB221AF035200CA3D23 /* Result.swift */; };
		6A026584213C0C6200EC0FB0 /* SnapshotHelper.swift in Sources */ = {isa = PBXBuildFile; fileRef = 6A026583213C0C6200EC0FB0 /* SnapshotHelper.swift */; };
		6A0EE300207E8DE100FD030E /* UICollectionViewCellConfigurable.swift in Sources */ = {isa = PBXBuildFile; fileRef = 6A0EE2FF207E8DE100FD030E /* UICollectionViewCellConfigurable.swift */; };
		6A0EE302207E8F8200FD030E /* VideoCollectionViewCellConfigurator.swift in Sources */ = {isa = PBXBuildFile; fileRef = 6A0EE301207E8F8200FD030E /* VideoCollectionViewCellConfigurator.swift */; };
		6A39EDD42085257B00EE1B0C /* ImageService.swift in Sources */ = {isa = PBXBuildFile; fileRef = 6A39EDD32085257B00EE1B0C /* ImageService.swift */; };
		6A39EDD52085257B00EE1B0C /* ImageService.swift in Sources */ = {isa = PBXBuildFile; fileRef = 6A39EDD32085257B00EE1B0C /* ImageService.swift */; };
		6A39EDD82085D8A800EE1B0C /* VideoCollectionViewDataSource.swift in Sources */ = {isa = PBXBuildFile; fileRef = 6A39EDD72085D8A700EE1B0C /* VideoCollectionViewDataSource.swift */; };
		6A490AD3208CA73B00F62469 /* ImageNetworkService.swift in Sources */ = {isa = PBXBuildFile; fileRef = 6A490AD2208CA73B00F62469 /* ImageNetworkService.swift */; };
		6A490AD4208CA73B00F62469 /* ImageNetworkService.swift in Sources */ = {isa = PBXBuildFile; fileRef = 6A490AD2208CA73B00F62469 /* ImageNetworkService.swift */; };
		6A4A2D7F206FD34B008BF540 /* MovieDBAPITests.swift in Sources */ = {isa = PBXBuildFile; fileRef = 6AB31922206FC74700E8E90E /* MovieDBAPITests.swift */; };
		6A4A2D80206FD353008BF540 /* API.swift in Sources */ = {isa = PBXBuildFile; fileRef = 6A6B0D1C20613C3E003EDF16 /* API.swift */; };
		6A4A2D81206FD357008BF540 /* MovieDBAPI.swift in Sources */ = {isa = PBXBuildFile; fileRef = 6AB3191F206FC58700E8E90E /* MovieDBAPI.swift */; };
		6A4A2D832070DAA4008BF540 /* AlamofireConnector.swift in Sources */ = {isa = PBXBuildFile; fileRef = 6A4A2D822070DAA4008BF540 /* AlamofireConnector.swift */; };
		6A4A2D8520710BC2008BF540 /* MovieRepositoryTests.swift in Sources */ = {isa = PBXBuildFile; fileRef = 6A4A2D8420710BC2008BF540 /* MovieRepositoryTests.swift */; };
		6A4A2D8620710BD3008BF540 /* MovieRepository.swift in Sources */ = {isa = PBXBuildFile; fileRef = 6A8395BD2058692900CD0CDD /* MovieRepository.swift */; };
		6A4A2D8720710C93008BF540 /* DataService.swift in Sources */ = {isa = PBXBuildFile; fileRef = 6A8395C32058751200CD0CDD /* DataService.swift */; };
		6A4A2D8820710C9C008BF540 /* NetworkService.swift in Sources */ = {isa = PBXBuildFile; fileRef = 6A6B0D2420619065003EDF16 /* NetworkService.swift */; };
		6A4A2D8920710C9F008BF540 /* MovieNetworkService.swift in Sources */ = {isa = PBXBuildFile; fileRef = 6A6B0D222061902C003EDF16 /* MovieNetworkService.swift */; };
		6A4A2D8A20710CA3008BF540 /* MovieNetworkModel.swift in Sources */ = {isa = PBXBuildFile; fileRef = 6AF0E0E3206FC33000978877 /* MovieNetworkModel.swift */; };
		6A4A2D8B20710CA6008BF540 /* ResponseModel.swift in Sources */ = {isa = PBXBuildFile; fileRef = 6AF0E0E1206FC2DD00978877 /* ResponseModel.swift */; };
		6A4A2D8C20710CCE008BF540 /* MovieModel.swift in Sources */ = {isa = PBXBuildFile; fileRef = 6A8395B9205866CE00CD0CDD /* MovieModel.swift */; };
		6A4A2D8F20710D61008BF540 /* NetworkProvider.swift in Sources */ = {isa = PBXBuildFile; fileRef = 6A4A2D8E20710D61008BF540 /* NetworkProvider.swift */; };
		6A4A2D9020710D61008BF540 /* NetworkProvider.swift in Sources */ = {isa = PBXBuildFile; fileRef = 6A4A2D8E20710D61008BF540 /* NetworkProvider.swift */; };
		6A59C9AB2079638C003C2BF8 /* URLBuilder.swift in Sources */ = {isa = PBXBuildFile; fileRef = 6A59C9AA2079638C003C2BF8 /* URLBuilder.swift */; };
		6A59C9AC2079638C003C2BF8 /* URLBuilder.swift in Sources */ = {isa = PBXBuildFile; fileRef = 6A59C9AA2079638C003C2BF8 /* URLBuilder.swift */; };
		6A59C9AE20796693003C2BF8 /* URLBuilderTests.swift in Sources */ = {isa = PBXBuildFile; fileRef = 6A59C9AD20796693003C2BF8 /* URLBuilderTests.swift */; };
		6A5CABCB20724B0A007B53DC /* MovieService.swift in Sources */ = {isa = PBXBuildFile; fileRef = 6A5CABCA20724B0A007B53DC /* MovieService.swift */; };
		6A5CABCC20724B0A007B53DC /* MovieService.swift in Sources */ = {isa = PBXBuildFile; fileRef = 6A5CABCA20724B0A007B53DC /* MovieService.swift */; };
		6A5CABCF20724C18007B53DC /* Serializer.swift in Sources */ = {isa = PBXBuildFile; fileRef = 6A5CABCE20724C18007B53DC /* Serializer.swift */; };
		6A5CABD020724C18007B53DC /* Serializer.swift in Sources */ = {isa = PBXBuildFile; fileRef = 6A5CABCE20724C18007B53DC /* Serializer.swift */; };
		6A5CABD220724DBC007B53DC /* ListService.swift in Sources */ = {isa = PBXBuildFile; fileRef = 6A5CABD120724DBC007B53DC /* ListService.swift */; };
		6A5CABD320724DBC007B53DC /* ListService.swift in Sources */ = {isa = PBXBuildFile; fileRef = 6A5CABD120724DBC007B53DC /* ListService.swift */; };
		6A5CABD52072503C007B53DC /* MovieDBAPIClient.swift in Sources */ = {isa = PBXBuildFile; fileRef = 6A5CABD42072503C007B53DC /* MovieDBAPIClient.swift */; };
		6A5CABD62072503C007B53DC /* MovieDBAPIClient.swift in Sources */ = {isa = PBXBuildFile; fileRef = 6A5CABD42072503C007B53DC /* MovieDBAPIClient.swift */; };
		6A5CABD8207250A6007B53DC /* URLSessionConnector.swift in Sources */ = {isa = PBXBuildFile; fileRef = 6A5CABD7207250A6007B53DC /* URLSessionConnector.swift */; };
		6A5CABD9207250A6007B53DC /* URLSessionConnector.swift in Sources */ = {isa = PBXBuildFile; fileRef = 6A5CABD7207250A6007B53DC /* URLSessionConnector.swift */; };
		6A5CABDB207253FE007B53DC /* MovieNetworkServiceTests.swift in Sources */ = {isa = PBXBuildFile; fileRef = 6A5CABDA207253FE007B53DC /* MovieNetworkServiceTests.swift */; };
		6A65561D20B4BD4C0062B218 /* AlamofireConnector.swift in Sources */ = {isa = PBXBuildFile; fileRef = 6A4A2D822070DAA4008BF540 /* AlamofireConnector.swift */; };
		6A6874022064430600299AD4 /* ViewStateTests.swift in Sources */ = {isa = PBXBuildFile; fileRef = 6A6874012064430600299AD4 /* ViewStateTests.swift */; };
		6A6874042064432700299AD4 /* ViewState.swift in Sources */ = {isa = PBXBuildFile; fileRef = 6A6874032064432700299AD4 /* ViewState.swift */; };
		6A6B0D1D20613C3E003EDF16 /* API.swift in Sources */ = {isa = PBXBuildFile; fileRef = 6A6B0D1C20613C3E003EDF16 /* API.swift */; };
		6A6B0D232061902C003EDF16 /* MovieNetworkService.swift in Sources */ = {isa = PBXBuildFile; fileRef = 6A6B0D222061902C003EDF16 /* MovieNetworkService.swift */; };
		6A6B0D2520619065003EDF16 /* NetworkService.swift in Sources */ = {isa = PBXBuildFile; fileRef = 6A6B0D2420619065003EDF16 /* NetworkService.swift */; };
		6A77B92E207D4604009C892D /* HTTPMethod.swift in Sources */ = {isa = PBXBuildFile; fileRef = 6A77B92D207D4604009C892D /* HTTPMethod.swift */; };
		6A77B92F207D4604009C892D /* HTTPMethod.swift in Sources */ = {isa = PBXBuildFile; fileRef = 6A77B92D207D4604009C892D /* HTTPMethod.swift */; };
		6A839585205861B600CD0CDD /* AppDelegate.swift in Sources */ = {isa = PBXBuildFile; fileRef = 6A839584205861B600CD0CDD /* AppDelegate.swift */; };
		6A839587205861B600CD0CDD /* VideoCollectionViewController.swift in Sources */ = {isa = PBXBuildFile; fileRef = 6A839586205861B600CD0CDD /* VideoCollectionViewController.swift */; };
		6A83958A205861B600CD0CDD /* Main.storyboard in Resources */ = {isa = PBXBuildFile; fileRef = 6A839588205861B600CD0CDD /* Main.storyboard */; };
		6A83958C205861B600CD0CDD /* Assets.xcassets in Resources */ = {isa = PBXBuildFile; fileRef = 6A83958B205861B600CD0CDD /* Assets.xcassets */; };
		6A83958F205861B600CD0CDD /* LaunchScreen.storyboard in Resources */ = {isa = PBXBuildFile; fileRef = 6A83958D205861B600CD0CDD /* LaunchScreen.storyboard */; };
		6A83959A205861B600CD0CDD /* MovieDBTests.swift in Sources */ = {isa = PBXBuildFile; fileRef = 6A839599205861B600CD0CDD /* MovieDBTests.swift */; };
		6A8395A5205861B600CD0CDD /* MovieDBUITests.swift in Sources */ = {isa = PBXBuildFile; fileRef = 6A8395A4205861B600CD0CDD /* MovieDBUITests.swift */; };
		6A8395B42058626500CD0CDD /* VideoCollectionPresenter.swift in Sources */ = {isa = PBXBuildFile; fileRef = 6A8395B32058626500CD0CDD /* VideoCollectionPresenter.swift */; };
		6A8395B6205862DD00CD0CDD /* ModuleProtocols.swift in Sources */ = {isa = PBXBuildFile; fileRef = 6A8395B5205862DD00CD0CDD /* ModuleProtocols.swift */; };
		6A8395B82058659700CD0CDD /* VideoCollectionViewState.swift in Sources */ = {isa = PBXBuildFile; fileRef = 6A8395B72058659700CD0CDD /* VideoCollectionViewState.swift */; };
		6A8395BA205866CE00CD0CDD /* MovieModel.swift in Sources */ = {isa = PBXBuildFile; fileRef = 6A8395B9205866CE00CD0CDD /* MovieModel.swift */; };
		6A8395BE2058692900CD0CDD /* MovieRepository.swift in Sources */ = {isa = PBXBuildFile; fileRef = 6A8395BD2058692900CD0CDD /* MovieRepository.swift */; };
		6A8395C12058749E00CD0CDD /* View.swift in Sources */ = {isa = PBXBuildFile; fileRef = 6A8395C02058749E00CD0CDD /* View.swift */; };
		6A8395C42058751200CD0CDD /* DataService.swift in Sources */ = {isa = PBXBuildFile; fileRef = 6A8395C32058751200CD0CDD /* DataService.swift */; };
		6A8395C6205875B200CD0CDD /* ModuleBuilder.swift in Sources */ = {isa = PBXBuildFile; fileRef = 6A8395C5205875B200CD0CDD /* ModuleBuilder.swift */; };
		6A8395C820587ABB00CD0CDD /* Presenter.swift in Sources */ = {isa = PBXBuildFile; fileRef = 6A8395C720587ABB00CD0CDD /* Presenter.swift */; };
		6A8395CA20587DA100CD0CDD /* ModuleBuilderTests.swift in Sources */ = {isa = PBXBuildFile; fileRef = 6A8395C920587DA100CD0CDD /* ModuleBuilderTests.swift */; };
		6A8395CC2058810400CD0CDD /* VideoCollectionViewCell.swift in Sources */ = {isa = PBXBuildFile; fileRef = 6A8395CB2058810400CD0CDD /* VideoCollectionViewCell.swift */; };
		6A8395CE2058879800CD0CDD /* Router.swift in Sources */ = {isa = PBXBuildFile; fileRef = 6A8395CD2058879800CD0CDD /* Router.swift */; };
		6A84AF9A20990A960012AA84 /* ImageRepository.swift in Sources */ = {isa = PBXBuildFile; fileRef = 6A84AF9920990A960012AA84 /* ImageRepository.swift */; };
		6A84AF9B209916B20012AA84 /* ImageRepository.swift in Sources */ = {isa = PBXBuildFile; fileRef = 6A84AF9920990A960012AA84 /* ImageRepository.swift */; };
		6AB08C73209A2EC2005D8AA9 /* ImageNetworkServiceTests.swift in Sources */ = {isa = PBXBuildFile; fileRef = 6AB08C72209A2EC2005D8AA9 /* ImageNetworkServiceTests.swift */; };
		6AB31920206FC58700E8E90E /* MovieDBAPI.swift in Sources */ = {isa = PBXBuildFile; fileRef = 6AB3191F206FC58700E8E90E /* MovieDBAPI.swift */; };
		6AB9BAFA207A210800212497 /* NetworkError.swift in Sources */ = {isa = PBXBuildFile; fileRef = 6AB9BAF9207A210800212497 /* NetworkError.swift */; };
		6AB9BAFB207A210800212497 /* NetworkError.swift in Sources */ = {isa = PBXBuildFile; fileRef = 6AB9BAF9207A210800212497 /* NetworkError.swift */; };
		6AB9BAFD207A344400212497 /* NetworkTask.swift in Sources */ = {isa = PBXBuildFile; fileRef = 6AB9BAFC207A344400212497 /* NetworkTask.swift */; };
		6AB9BAFE207A344400212497 /* NetworkTask.swift in Sources */ = {isa = PBXBuildFile; fileRef = 6AB9BAFC207A344400212497 /* NetworkTask.swift */; };
		6AE6BF43207BFC9F002E551A /* CollectionViewDataSource.swift in Sources */ = {isa = PBXBuildFile; fileRef = 6AE6BF42207BFC9F002E551A /* CollectionViewDataSource.swift */; };
		6AF0E0E2206FC2DD00978877 /* ResponseModel.swift in Sources */ = {isa = PBXBuildFile; fileRef = 6AF0E0E1206FC2DD00978877 /* ResponseModel.swift */; };
		6AF0E0E4206FC33000978877 /* MovieNetworkModel.swift in Sources */ = {isa = PBXBuildFile; fileRef = 6AF0E0E3206FC33000978877 /* MovieNetworkModel.swift */; };
		6AF4926B2078D8FD00332996 /* NetworkLogger.swift in Sources */ = {isa = PBXBuildFile; fileRef = 6AF4926A2078D8FD00332996 /* NetworkLogger.swift */; };
		6AF4926C2078D8FD00332996 /* NetworkLogger.swift in Sources */ = {isa = PBXBuildFile; fileRef = 6AF4926A2078D8FD00332996 /* NetworkLogger.swift */; };
		7A5A973CBF85599855F1D096 /* Pods_MovieDB.framework in Frameworks */ = {isa = PBXBuildFile; fileRef = 23F50C91E7F7F3D368FD5897 /* Pods_MovieDB.framework */; };
		AFE4FF37DCDC1782893000F9 /* Pods_MovieDBDataTests.framework in Frameworks */ = {isa = PBXBuildFile; fileRef = 6B494616445FDD1E23757E7C /* Pods_MovieDBDataTests.framework */; };
		BF_536934829607 /* AutoMockable.generated.swift in Sources */ = {isa = PBXBuildFile; fileRef = 22775EDF22468F32004E62ED /* AutoMockable.generated.swift */; };
		FEB6E535C9D93CD19E353A12 /* Pods_MovieDBTests.framework in Frameworks */ = {isa = PBXBuildFile; fileRef = 3282CEF9D87ABACB5BA637F9 /* Pods_MovieDBTests.framework */; };
/* End PBXBuildFile section */

/* Begin PBXContainerItemProxy section */
		6A4A2D7A206FD338008BF540 /* PBXContainerItemProxy */ = {
			isa = PBXContainerItemProxy;
			containerPortal = 6A839579205861B600CD0CDD /* Project object */;
			proxyType = 1;
			remoteGlobalIDString = 6A839580205861B600CD0CDD;
			remoteInfo = MovieDB;
		};
		6A839596205861B600CD0CDD /* PBXContainerItemProxy */ = {
			isa = PBXContainerItemProxy;
			containerPortal = 6A839579205861B600CD0CDD /* Project object */;
			proxyType = 1;
			remoteGlobalIDString = 6A839580205861B600CD0CDD;
			remoteInfo = videoplayer;
		};
		6A8395A1205861B600CD0CDD /* PBXContainerItemProxy */ = {
			isa = PBXContainerItemProxy;
			containerPortal = 6A839579205861B600CD0CDD /* Project object */;
			proxyType = 1;
			remoteGlobalIDString = 6A839580205861B600CD0CDD;
			remoteInfo = videoplayer;
		};
/* End PBXContainerItemProxy section */

/* Begin PBXFileReference section */
		08796E08867ECF80650A7240 /* Pods-MovieDBDataTests.debug.xcconfig */ = {isa = PBXFileReference; includeInIndex = 1; lastKnownFileType = text.xcconfig; name = "Pods-MovieDBDataTests.debug.xcconfig"; path = "Pods/Target Support Files/Pods-MovieDBDataTests/Pods-MovieDBDataTests.debug.xcconfig"; sourceTree = "<group>"; };
		2221062C22DBB0280081AD04 /* MovieEndpoint.swift */ = {isa = PBXFileReference; lastKnownFileType = sourcecode.swift; path = MovieEndpoint.swift; sourceTree = "<group>"; };
		2221062E22DBB7230081AD04 /* Endpoint.swift */ = {isa = PBXFileReference; lastKnownFileType = sourcecode.swift; path = Endpoint.swift; sourceTree = "<group>"; };
		2221063022DC62390081AD04 /* SearchEndpoint.swift */ = {isa = PBXFileReference; lastKnownFileType = sourcecode.swift; path = SearchEndpoint.swift; sourceTree = "<group>"; };
		223B1E7F21FE451E00C40CED /* GetMovies.swift */ = {isa = PBXFileReference; lastKnownFileType = sourcecode.swift; path = GetMovies.swift; sourceTree = "<group>"; };
		22775EDB224688C2004E62ED /* API+Automockable.swift */ = {isa = PBXFileReference; lastKnownFileType = sourcecode.swift; path = "API+Automockable.swift"; sourceTree = "<group>"; };
		22775EDF22468F32004E62ED /* AutoMockable.generated.swift */ = {isa = PBXFileReference; fileEncoding = 4; lastKnownFileType = sourcecode.swift; path = AutoMockable.generated.swift; sourceTree = "<group>"; };
		228646E322DA8E160099E341 /* ReusableCell.swift */ = {isa = PBXFileReference; lastKnownFileType = sourcecode.swift; path = ReusableCell.swift; sourceTree = "<group>"; };
		22BD8FB021AF02B000CA3D23 /* Observable+CompletionBlock.swift */ = {isa = PBXFileReference; lastKnownFileType = sourcecode.swift; path = "Observable+CompletionBlock.swift"; sourceTree = "<group>"; };
		22BD8FB221AF035200CA3D23 /* Result.swift */ = {isa = PBXFileReference; lastKnownFileType = sourcecode.swift; path = Result.swift; sourceTree = "<group>"; };
		23F50C91E7F7F3D368FD5897 /* Pods_MovieDB.framework */ = {isa = PBXFileReference; explicitFileType = wrapper.framework; includeInIndex = 0; path = Pods_MovieDB.framework; sourceTree = BUILT_PRODUCTS_DIR; };
		2E30C295CEFE07E1AD1AAF4D /* Pods-MovieDB.release.xcconfig */ = {isa = PBXFileReference; includeInIndex = 1; lastKnownFileType = text.xcconfig; name = "Pods-MovieDB.release.xcconfig"; path = "Pods/Target Support Files/Pods-MovieDB/Pods-MovieDB.release.xcconfig"; sourceTree = "<group>"; };
		3282CEF9D87ABACB5BA637F9 /* Pods_MovieDBTests.framework */ = {isa = PBXFileReference; explicitFileType = wrapper.framework; includeInIndex = 0; path = Pods_MovieDBTests.framework; sourceTree = BUILT_PRODUCTS_DIR; };
		4AD289D530A16D6005571641 /* Pods-MovieDBUITests.debug.xcconfig */ = {isa = PBXFileReference; includeInIndex = 1; lastKnownFileType = text.xcconfig; name = "Pods-MovieDBUITests.debug.xcconfig"; path = "Pods/Target Support Files/Pods-MovieDBUITests/Pods-MovieDBUITests.debug.xcconfig"; sourceTree = "<group>"; };
		5E7EEFBC3D44C6CE92FEA9E6 /* Pods-MovieDB.debug.xcconfig */ = {isa = PBXFileReference; includeInIndex = 1; lastKnownFileType = text.xcconfig; name = "Pods-MovieDB.debug.xcconfig"; path = "Pods/Target Support Files/Pods-MovieDB/Pods-MovieDB.debug.xcconfig"; sourceTree = "<group>"; };
		6A026583213C0C6200EC0FB0 /* SnapshotHelper.swift */ = {isa = PBXFileReference; fileEncoding = 4; lastKnownFileType = sourcecode.swift; name = SnapshotHelper.swift; path = fastlane/SnapshotHelper.swift; sourceTree = SOURCE_ROOT; };
		6A0EE2FF207E8DE100FD030E /* UICollectionViewCellConfigurable.swift */ = {isa = PBXFileReference; lastKnownFileType = sourcecode.swift; path = UICollectionViewCellConfigurable.swift; sourceTree = "<group>"; };
		6A0EE301207E8F8200FD030E /* VideoCollectionViewCellConfigurator.swift */ = {isa = PBXFileReference; lastKnownFileType = sourcecode.swift; path = VideoCollectionViewCellConfigurator.swift; sourceTree = "<group>"; };
		6A39EDD32085257B00EE1B0C /* ImageService.swift */ = {isa = PBXFileReference; fileEncoding = 4; lastKnownFileType = sourcecode.swift; path = ImageService.swift; sourceTree = "<group>"; };
		6A39EDD72085D8A700EE1B0C /* VideoCollectionViewDataSource.swift */ = {isa = PBXFileReference; fileEncoding = 4; lastKnownFileType = sourcecode.swift; path = VideoCollectionViewDataSource.swift; sourceTree = "<group>"; };
		6A490AD2208CA73B00F62469 /* ImageNetworkService.swift */ = {isa = PBXFileReference; lastKnownFileType = sourcecode.swift; path = ImageNetworkService.swift; sourceTree = "<group>"; };
		6A4A2D75206FD337008BF540 /* MovieDBDataTests.xctest */ = {isa = PBXFileReference; explicitFileType = wrapper.cfbundle; includeInIndex = 0; path = MovieDBDataTests.xctest; sourceTree = BUILT_PRODUCTS_DIR; };
		6A4A2D79206FD338008BF540 /* Info.plist */ = {isa = PBXFileReference; lastKnownFileType = text.plist.xml; path = Info.plist; sourceTree = "<group>"; };
		6A4A2D822070DAA4008BF540 /* AlamofireConnector.swift */ = {isa = PBXFileReference; lastKnownFileType = sourcecode.swift; path = AlamofireConnector.swift; sourceTree = "<group>"; };
		6A4A2D8420710BC2008BF540 /* MovieRepositoryTests.swift */ = {isa = PBXFileReference; lastKnownFileType = sourcecode.swift; path = MovieRepositoryTests.swift; sourceTree = "<group>"; };
		6A4A2D8E20710D61008BF540 /* NetworkProvider.swift */ = {isa = PBXFileReference; lastKnownFileType = sourcecode.swift; path = NetworkProvider.swift; sourceTree = "<group>"; };
		6A59C9AA2079638C003C2BF8 /* URLBuilder.swift */ = {isa = PBXFileReference; lastKnownFileType = sourcecode.swift; path = URLBuilder.swift; sourceTree = "<group>"; };
		6A59C9AD20796693003C2BF8 /* URLBuilderTests.swift */ = {isa = PBXFileReference; lastKnownFileType = sourcecode.swift; path = URLBuilderTests.swift; sourceTree = "<group>"; };
		6A5CABCA20724B0A007B53DC /* MovieService.swift */ = {isa = PBXFileReference; lastKnownFileType = sourcecode.swift; path = MovieService.swift; sourceTree = "<group>"; };
		6A5CABCE20724C18007B53DC /* Serializer.swift */ = {isa = PBXFileReference; lastKnownFileType = sourcecode.swift; path = Serializer.swift; sourceTree = "<group>"; };
		6A5CABD120724DBC007B53DC /* ListService.swift */ = {isa = PBXFileReference; lastKnownFileType = sourcecode.swift; path = ListService.swift; sourceTree = "<group>"; };
		6A5CABD42072503C007B53DC /* MovieDBAPIClient.swift */ = {isa = PBXFileReference; lastKnownFileType = sourcecode.swift; path = MovieDBAPIClient.swift; sourceTree = "<group>"; };
		6A5CABD7207250A6007B53DC /* URLSessionConnector.swift */ = {isa = PBXFileReference; lastKnownFileType = sourcecode.swift; path = URLSessionConnector.swift; sourceTree = "<group>"; };
		6A5CABDA207253FE007B53DC /* MovieNetworkServiceTests.swift */ = {isa = PBXFileReference; lastKnownFileType = sourcecode.swift; path = MovieNetworkServiceTests.swift; sourceTree = "<group>"; };
		6A6874012064430600299AD4 /* ViewStateTests.swift */ = {isa = PBXFileReference; lastKnownFileType = sourcecode.swift; path = ViewStateTests.swift; sourceTree = "<group>"; };
		6A6874032064432700299AD4 /* ViewState.swift */ = {isa = PBXFileReference; lastKnownFileType = sourcecode.swift; path = ViewState.swift; sourceTree = "<group>"; };
		6A6B0D1C20613C3E003EDF16 /* API.swift */ = {isa = PBXFileReference; lastKnownFileType = sourcecode.swift; path = API.swift; sourceTree = "<group>"; };
		6A6B0D222061902C003EDF16 /* MovieNetworkService.swift */ = {isa = PBXFileReference; lastKnownFileType = sourcecode.swift; path = MovieNetworkService.swift; sourceTree = "<group>"; };
		6A6B0D2420619065003EDF16 /* NetworkService.swift */ = {isa = PBXFileReference; lastKnownFileType = sourcecode.swift; path = NetworkService.swift; sourceTree = "<group>"; };
		6A77B92D207D4604009C892D /* HTTPMethod.swift */ = {isa = PBXFileReference; lastKnownFileType = sourcecode.swift; path = HTTPMethod.swift; sourceTree = "<group>"; };
		6A839581205861B600CD0CDD /* MovieDB.app */ = {isa = PBXFileReference; explicitFileType = wrapper.application; includeInIndex = 0; path = MovieDB.app; sourceTree = BUILT_PRODUCTS_DIR; };
		6A839584205861B600CD0CDD /* AppDelegate.swift */ = {isa = PBXFileReference; lastKnownFileType = sourcecode.swift; path = AppDelegate.swift; sourceTree = "<group>"; };
		6A839586205861B600CD0CDD /* VideoCollectionViewController.swift */ = {isa = PBXFileReference; lastKnownFileType = sourcecode.swift; path = VideoCollectionViewController.swift; sourceTree = "<group>"; };
		6A839589205861B600CD0CDD /* Base */ = {isa = PBXFileReference; lastKnownFileType = file.storyboard; name = Base; path = Base.lproj/Main.storyboard; sourceTree = "<group>"; };
		6A83958B205861B600CD0CDD /* Assets.xcassets */ = {isa = PBXFileReference; lastKnownFileType = folder.assetcatalog; path = Assets.xcassets; sourceTree = "<group>"; };
		6A83958E205861B600CD0CDD /* Base */ = {isa = PBXFileReference; lastKnownFileType = file.storyboard; name = Base; path = Base.lproj/LaunchScreen.storyboard; sourceTree = "<group>"; };
		6A839590205861B600CD0CDD /* Info.plist */ = {isa = PBXFileReference; lastKnownFileType = text.plist.xml; path = Info.plist; sourceTree = "<group>"; };
		6A839595205861B600CD0CDD /* MovieDBTests.xctest */ = {isa = PBXFileReference; explicitFileType = wrapper.cfbundle; includeInIndex = 0; path = MovieDBTests.xctest; sourceTree = BUILT_PRODUCTS_DIR; };
		6A839599205861B600CD0CDD /* MovieDBTests.swift */ = {isa = PBXFileReference; lastKnownFileType = sourcecode.swift; path = MovieDBTests.swift; sourceTree = "<group>"; };
		6A83959B205861B600CD0CDD /* Info.plist */ = {isa = PBXFileReference; lastKnownFileType = text.plist.xml; path = Info.plist; sourceTree = "<group>"; };
		6A8395A0205861B600CD0CDD /* MovieDBUITests.xctest */ = {isa = PBXFileReference; explicitFileType = wrapper.cfbundle; includeInIndex = 0; path = MovieDBUITests.xctest; sourceTree = BUILT_PRODUCTS_DIR; };
		6A8395A4205861B600CD0CDD /* MovieDBUITests.swift */ = {isa = PBXFileReference; lastKnownFileType = sourcecode.swift; path = MovieDBUITests.swift; sourceTree = "<group>"; };
		6A8395A6205861B600CD0CDD /* Info.plist */ = {isa = PBXFileReference; lastKnownFileType = text.plist.xml; path = Info.plist; sourceTree = "<group>"; };
		6A8395B32058626500CD0CDD /* VideoCollectionPresenter.swift */ = {isa = PBXFileReference; lastKnownFileType = sourcecode.swift; path = VideoCollectionPresenter.swift; sourceTree = "<group>"; };
		6A8395B5205862DD00CD0CDD /* ModuleProtocols.swift */ = {isa = PBXFileReference; lastKnownFileType = sourcecode.swift; path = ModuleProtocols.swift; sourceTree = "<group>"; };
		6A8395B72058659700CD0CDD /* VideoCollectionViewState.swift */ = {isa = PBXFileReference; lastKnownFileType = sourcecode.swift; path = VideoCollectionViewState.swift; sourceTree = "<group>"; };
		6A8395B9205866CE00CD0CDD /* MovieModel.swift */ = {isa = PBXFileReference; lastKnownFileType = sourcecode.swift; path = MovieModel.swift; sourceTree = "<group>"; };
		6A8395BD2058692900CD0CDD /* MovieRepository.swift */ = {isa = PBXFileReference; lastKnownFileType = sourcecode.swift; path = MovieRepository.swift; sourceTree = "<group>"; };
		6A8395C02058749E00CD0CDD /* View.swift */ = {isa = PBXFileReference; lastKnownFileType = sourcecode.swift; path = View.swift; sourceTree = "<group>"; };
		6A8395C32058751200CD0CDD /* DataService.swift */ = {isa = PBXFileReference; lastKnownFileType = sourcecode.swift; path = DataService.swift; sourceTree = "<group>"; };
		6A8395C5205875B200CD0CDD /* ModuleBuilder.swift */ = {isa = PBXFileReference; lastKnownFileType = sourcecode.swift; path = ModuleBuilder.swift; sourceTree = "<group>"; };
		6A8395C720587ABB00CD0CDD /* Presenter.swift */ = {isa = PBXFileReference; lastKnownFileType = sourcecode.swift; path = Presenter.swift; sourceTree = "<group>"; };
		6A8395C920587DA100CD0CDD /* ModuleBuilderTests.swift */ = {isa = PBXFileReference; lastKnownFileType = sourcecode.swift; path = ModuleBuilderTests.swift; sourceTree = "<group>"; };
		6A8395CB2058810400CD0CDD /* VideoCollectionViewCell.swift */ = {isa = PBXFileReference; lastKnownFileType = sourcecode.swift; path = VideoCollectionViewCell.swift; sourceTree = "<group>"; };
		6A8395CD2058879800CD0CDD /* Router.swift */ = {isa = PBXFileReference; lastKnownFileType = sourcecode.swift; path = Router.swift; sourceTree = "<group>"; };
		6A84AF9920990A960012AA84 /* ImageRepository.swift */ = {isa = PBXFileReference; lastKnownFileType = sourcecode.swift; path = ImageRepository.swift; sourceTree = "<group>"; };
		6AB08C72209A2EC2005D8AA9 /* ImageNetworkServiceTests.swift */ = {isa = PBXFileReference; lastKnownFileType = sourcecode.swift; path = ImageNetworkServiceTests.swift; sourceTree = "<group>"; };
		6AB3191F206FC58700E8E90E /* MovieDBAPI.swift */ = {isa = PBXFileReference; lastKnownFileType = sourcecode.swift; path = MovieDBAPI.swift; sourceTree = "<group>"; };
		6AB31922206FC74700E8E90E /* MovieDBAPITests.swift */ = {isa = PBXFileReference; lastKnownFileType = sourcecode.swift; path = MovieDBAPITests.swift; sourceTree = "<group>"; };
		6AB9BAF9207A210800212497 /* NetworkError.swift */ = {isa = PBXFileReference; lastKnownFileType = sourcecode.swift; path = NetworkError.swift; sourceTree = "<group>"; };
		6AB9BAFC207A344400212497 /* NetworkTask.swift */ = {isa = PBXFileReference; lastKnownFileType = sourcecode.swift; path = NetworkTask.swift; sourceTree = "<group>"; };
		6AE6BF42207BFC9F002E551A /* CollectionViewDataSource.swift */ = {isa = PBXFileReference; lastKnownFileType = sourcecode.swift; path = CollectionViewDataSource.swift; sourceTree = "<group>"; };
		6AF0E0E1206FC2DD00978877 /* ResponseModel.swift */ = {isa = PBXFileReference; lastKnownFileType = sourcecode.swift; path = ResponseModel.swift; sourceTree = "<group>"; };
		6AF0E0E3206FC33000978877 /* MovieNetworkModel.swift */ = {isa = PBXFileReference; lastKnownFileType = sourcecode.swift; path = MovieNetworkModel.swift; sourceTree = "<group>"; };
		6AF4926A2078D8FD00332996 /* NetworkLogger.swift */ = {isa = PBXFileReference; lastKnownFileType = sourcecode.swift; path = NetworkLogger.swift; sourceTree = "<group>"; };
		6B494616445FDD1E23757E7C /* Pods_MovieDBDataTests.framework */ = {isa = PBXFileReference; explicitFileType = wrapper.framework; includeInIndex = 0; path = Pods_MovieDBDataTests.framework; sourceTree = BUILT_PRODUCTS_DIR; };
		7FA1E40FD23FE80449D9E978 /* Pods_MovieDBUITests.framework */ = {isa = PBXFileReference; explicitFileType = wrapper.framework; includeInIndex = 0; path = Pods_MovieDBUITests.framework; sourceTree = BUILT_PRODUCTS_DIR; };
		A80EDD12FFD70DFE22C4D203 /* Pods-MovieDBDataTests.release.xcconfig */ = {isa = PBXFileReference; includeInIndex = 1; lastKnownFileType = text.xcconfig; name = "Pods-MovieDBDataTests.release.xcconfig"; path = "Pods/Target Support Files/Pods-MovieDBDataTests/Pods-MovieDBDataTests.release.xcconfig"; sourceTree = "<group>"; };
		BBA3AFBD27E0C7B3FFC37057 /* Pods-MovieDBTests.debug.xcconfig */ = {isa = PBXFileReference; includeInIndex = 1; lastKnownFileType = text.xcconfig; name = "Pods-MovieDBTests.debug.xcconfig"; path = "Pods/Target Support Files/Pods-MovieDBTests/Pods-MovieDBTests.debug.xcconfig"; sourceTree = "<group>"; };
		BBE9BF9614042FE9CC436BBE /* Pods-MovieDBUITests.release.xcconfig */ = {isa = PBXFileReference; includeInIndex = 1; lastKnownFileType = text.xcconfig; name = "Pods-MovieDBUITests.release.xcconfig"; path = "Pods/Target Support Files/Pods-MovieDBUITests/Pods-MovieDBUITests.release.xcconfig"; sourceTree = "<group>"; };
		C9C0EF95CF3BEE0B63459D3F /* Pods-MovieDBTests.release.xcconfig */ = {isa = PBXFileReference; includeInIndex = 1; lastKnownFileType = text.xcconfig; name = "Pods-MovieDBTests.release.xcconfig"; path = "Pods/Target Support Files/Pods-MovieDBTests/Pods-MovieDBTests.release.xcconfig"; sourceTree = "<group>"; };
/* End PBXFileReference section */

/* Begin PBXFrameworksBuildPhase section */
		6A4A2D72206FD337008BF540 /* Frameworks */ = {
			isa = PBXFrameworksBuildPhase;
			buildActionMask = 2147483647;
			files = (
				AFE4FF37DCDC1782893000F9 /* Pods_MovieDBDataTests.framework in Frameworks */,
			);
			runOnlyForDeploymentPostprocessing = 0;
		};
		6A83957E205861B600CD0CDD /* Frameworks */ = {
			isa = PBXFrameworksBuildPhase;
			buildActionMask = 2147483647;
			files = (
				7A5A973CBF85599855F1D096 /* Pods_MovieDB.framework in Frameworks */,
			);
			runOnlyForDeploymentPostprocessing = 0;
		};
		6A839592205861B600CD0CDD /* Frameworks */ = {
			isa = PBXFrameworksBuildPhase;
			buildActionMask = 2147483647;
			files = (
				FEB6E535C9D93CD19E353A12 /* Pods_MovieDBTests.framework in Frameworks */,
			);
			runOnlyForDeploymentPostprocessing = 0;
		};
		6A83959D205861B600CD0CDD /* Frameworks */ = {
			isa = PBXFrameworksBuildPhase;
			buildActionMask = 2147483647;
			files = (
				18022FE3C9C502594C675B1F /* Pods_MovieDBUITests.framework in Frameworks */,
			);
			runOnlyForDeploymentPostprocessing = 0;
		};
/* End PBXFrameworksBuildPhase section */

/* Begin PBXGroup section */
		2221062B22DBB0160081AD04 /* Endpoints */ = {
			isa = PBXGroup;
			children = (
				2221062E22DBB7230081AD04 /* Endpoint.swift */,
				2221062C22DBB0280081AD04 /* MovieEndpoint.swift */,
				2221063022DC62390081AD04 /* SearchEndpoint.swift */,
			);
			path = Endpoints;
			sourceTree = "<group>";
		};
		223B1E7E21FE44EE00C40CED /* UseCases */ = {
			isa = PBXGroup;
			children = (
				223B1E7F21FE451E00C40CED /* GetMovies.swift */,
			);
			path = UseCases;
			sourceTree = "<group>";
		};
		22775ED92246889B004E62ED /* Mocks */ = {
			isa = PBXGroup;
			children = (
				22775EDA224688A6004E62ED /* Automockable */,
			);
			path = Mocks;
			sourceTree = "<group>";
		};
		22775EDA224688A6004E62ED /* Automockable */ = {
			isa = PBXGroup;
			children = (
				22775EDB224688C2004E62ED /* API+Automockable.swift */,
			);
			path = Automockable;
			sourceTree = "<group>";
		};
		22775EDE22468F32004E62ED /* generated */ = {
			isa = PBXGroup;
			children = (
				22775EDF22468F32004E62ED /* AutoMockable.generated.swift */,
			);
			path = generated;
			sourceTree = SOURCE_ROOT;
		};
		547C2108896FB74800C3D7DC /* Pods */ = {
			isa = PBXGroup;
			children = (
				5E7EEFBC3D44C6CE92FEA9E6 /* Pods-MovieDB.debug.xcconfig */,
				2E30C295CEFE07E1AD1AAF4D /* Pods-MovieDB.release.xcconfig */,
				BBA3AFBD27E0C7B3FFC37057 /* Pods-MovieDBTests.debug.xcconfig */,
				C9C0EF95CF3BEE0B63459D3F /* Pods-MovieDBTests.release.xcconfig */,
				4AD289D530A16D6005571641 /* Pods-MovieDBUITests.debug.xcconfig */,
				BBE9BF9614042FE9CC436BBE /* Pods-MovieDBUITests.release.xcconfig */,
				08796E08867ECF80650A7240 /* Pods-MovieDBDataTests.debug.xcconfig */,
				A80EDD12FFD70DFE22C4D203 /* Pods-MovieDBDataTests.release.xcconfig */,
			);
			name = Pods;
			sourceTree = "<group>";
		};
		6A4A2D76206FD338008BF540 /* MovieDBDataTests */ = {
			isa = PBXGroup;
			children = (
				22775EDE22468F32004E62ED /* generated */,
				22775ED92246889B004E62ED /* Mocks */,
				6AB31922206FC74700E8E90E /* MovieDBAPITests.swift */,
				6A5CABDA207253FE007B53DC /* MovieNetworkServiceTests.swift */,
				6AB08C72209A2EC2005D8AA9 /* ImageNetworkServiceTests.swift */,
				6A4A2D8420710BC2008BF540 /* MovieRepositoryTests.swift */,
				6A59C9AD20796693003C2BF8 /* URLBuilderTests.swift */,
				6A4A2D79206FD338008BF540 /* Info.plist */,
			);
			path = MovieDBDataTests;
			sourceTree = "<group>";
		};
		6A5CABC820724714007B53DC /* NetworkProviders */ = {
			isa = PBXGroup;
			children = (
				6A4A2D822070DAA4008BF540 /* AlamofireConnector.swift */,
				6A5CABD7207250A6007B53DC /* URLSessionConnector.swift */,
			);
			path = NetworkProviders;
			sourceTree = "<group>";
		};
		6A5CABC9207247EA007B53DC /* Services */ = {
			isa = PBXGroup;
			children = (
				6A490AD2208CA73B00F62469 /* ImageNetworkService.swift */,
				6A6B0D222061902C003EDF16 /* MovieNetworkService.swift */,
				6A6B0D2420619065003EDF16 /* NetworkService.swift */,
			);
			path = Services;
			sourceTree = "<group>";
		};
		6A5CABCD20724B76007B53DC /* MovieDB */ = {
			isa = PBXGroup;
			children = (
				6AF0E0E1206FC2DD00978877 /* ResponseModel.swift */,
				6AF0E0E3206FC33000978877 /* MovieNetworkModel.swift */,
			);
			path = MovieDB;
			sourceTree = "<group>";
		};
		6A6331FC2097BFD7004C71DC /* Core */ = {
			isa = PBXGroup;
			children = (
				6A4A2D8E20710D61008BF540 /* NetworkProvider.swift */,
				6A5CABCE20724C18007B53DC /* Serializer.swift */,
				6AB9BAF9207A210800212497 /* NetworkError.swift */,
				6AB9BAFC207A344400212497 /* NetworkTask.swift */,
				6AF4926A2078D8FD00332996 /* NetworkLogger.swift */,
				6A59C9AA2079638C003C2BF8 /* URLBuilder.swift */,
				6A77B92D207D4604009C892D /* HTTPMethod.swift */,
			);
			path = Core;
			sourceTree = "<group>";
		};
		6A6B0D1E2061871E003EDF16 /* Data */ = {
			isa = PBXGroup;
			children = (
				6A6B0D2120618FEB003EDF16 /* Database */,
				6A6B0D2020618FD9003EDF16 /* Network */,
				6A6B0D1F20618738003EDF16 /* Repositories */,
			);
			path = Data;
			sourceTree = "<group>";
		};
		6A6B0D1F20618738003EDF16 /* Repositories */ = {
			isa = PBXGroup;
			children = (
				6A8395BD2058692900CD0CDD /* MovieRepository.swift */,
				6A84AF9920990A960012AA84 /* ImageRepository.swift */,
			);
			path = Repositories;
			sourceTree = "<group>";
		};
		6A6B0D2020618FD9003EDF16 /* Network */ = {
			isa = PBXGroup;
			children = (
				6A6331FC2097BFD7004C71DC /* Core */,
				6AB3191E206FC57000E8E90E /* APIs */,
				6A5CABC820724714007B53DC /* NetworkProviders */,
				6AF0E0E0206FC2C000978877 /* Models */,
				6A5CABC9207247EA007B53DC /* Services */,
			);
			path = Network;
			sourceTree = "<group>";
		};
		6A6B0D2120618FEB003EDF16 /* Database */ = {
			isa = PBXGroup;
			children = (
			);
			path = Database;
			sourceTree = "<group>";
		};
		6A839578205861B600CD0CDD = {
			isa = PBXGroup;
			children = (
				6A855CC920A4B77100CF69F1 /* Domain */,
				6A6B0D1E2061871E003EDF16 /* Data */,
				6A839583205861B600CD0CDD /* MovieDB */,
				6A839598205861B600CD0CDD /* MovieDBTests */,
				6A8395A3205861B600CD0CDD /* MovieDBUITests */,
				6A4A2D76206FD338008BF540 /* MovieDBDataTests */,
				6A839582205861B600CD0CDD /* Products */,
				547C2108896FB74800C3D7DC /* Pods */,
				851D62F2E381614CC2AA088E /* Frameworks */,
			);
			sourceTree = "<group>";
		};
		6A839582205861B600CD0CDD /* Products */ = {
			isa = PBXGroup;
			children = (
				6A839581205861B600CD0CDD /* MovieDB.app */,
				6A839595205861B600CD0CDD /* MovieDBTests.xctest */,
				6A8395A0205861B600CD0CDD /* MovieDBUITests.xctest */,
				6A4A2D75206FD337008BF540 /* MovieDBDataTests.xctest */,
			);
			name = Products;
			sourceTree = "<group>";
		};
		6A839583205861B600CD0CDD /* MovieDB */ = {
			isa = PBXGroup;
			children = (
				6A8395BB205868F800CD0CDD /* Application */,
				6A839584205861B600CD0CDD /* AppDelegate.swift */,
				6A839588205861B600CD0CDD /* Main.storyboard */,
				6A83958B205861B600CD0CDD /* Assets.xcassets */,
				6A83958D205861B600CD0CDD /* LaunchScreen.storyboard */,
				6A839590205861B600CD0CDD /* Info.plist */,
			);
			path = MovieDB;
			sourceTree = "<group>";
		};
		6A839598205861B600CD0CDD /* MovieDBTests */ = {
			isa = PBXGroup;
			children = (
				6A839599205861B600CD0CDD /* MovieDBTests.swift */,
				6A6874012064430600299AD4 /* ViewStateTests.swift */,
				6A8395C920587DA100CD0CDD /* ModuleBuilderTests.swift */,
				6A83959B205861B600CD0CDD /* Info.plist */,
			);
			path = MovieDBTests;
			sourceTree = "<group>";
		};
		6A8395A3205861B600CD0CDD /* MovieDBUITests */ = {
			isa = PBXGroup;
			children = (
				6A026583213C0C6200EC0FB0 /* SnapshotHelper.swift */,
				6A8395A4205861B600CD0CDD /* MovieDBUITests.swift */,
				6A8395A6205861B600CD0CDD /* Info.plist */,
			);
			path = MovieDBUITests;
			sourceTree = "<group>";
		};
		6A8395B22058620500CD0CDD /* VideoCollection */ = {
			isa = PBXGroup;
			children = (
				6A839586205861B600CD0CDD /* VideoCollectionViewController.swift */,
				6A8395B32058626500CD0CDD /* VideoCollectionPresenter.swift */,
				6A8395B72058659700CD0CDD /* VideoCollectionViewState.swift */,
				6A39EDD72085D8A700EE1B0C /* VideoCollectionViewDataSource.swift */,
				6A8395CB2058810400CD0CDD /* VideoCollectionViewCell.swift */,
				6A0EE301207E8F8200FD030E /* VideoCollectionViewCellConfigurator.swift */,
			);
			path = VideoCollection;
			sourceTree = "<group>";
		};
		6A8395BB205868F800CD0CDD /* Application */ = {
			isa = PBXGroup;
			children = (
				6A8395BF2058747F00CD0CDD /* UIBaseModule */,
				6AE6BF41207BFC82002E551A /* Shared */,
				6A8395CD2058879800CD0CDD /* Router.swift */,
				6A8395B22058620500CD0CDD /* VideoCollection */,
			);
			path = Application;
			sourceTree = "<group>";
		};
		6A8395BF2058747F00CD0CDD /* UIBaseModule */ = {
			isa = PBXGroup;
			children = (
				6A8395B5205862DD00CD0CDD /* ModuleProtocols.swift */,
				6A8395C5205875B200CD0CDD /* ModuleBuilder.swift */,
				6A8395C02058749E00CD0CDD /* View.swift */,
				6A8395C720587ABB00CD0CDD /* Presenter.swift */,
				6A6874032064432700299AD4 /* ViewState.swift */,
			);
			path = UIBaseModule;
			sourceTree = "<group>";
		};
		6A8395C2205874D300CD0CDD /* Models */ = {
			isa = PBXGroup;
			children = (
				6A8395B9205866CE00CD0CDD /* MovieModel.swift */,
			);
			path = Models;
			sourceTree = "<group>";
		};
		6A855CC920A4B77100CF69F1 /* Domain */ = {
			isa = PBXGroup;
			children = (
				223B1E7E21FE44EE00C40CED /* UseCases */,
				22BD8FB021AF02B000CA3D23 /* Observable+CompletionBlock.swift */,
				22BD8FB221AF035200CA3D23 /* Result.swift */,
				6A8395C2205874D300CD0CDD /* Models */,
				6A855CCA20A4B78700CF69F1 /* Services */,
			);
			path = Domain;
			sourceTree = "<group>";
		};
		6A855CCA20A4B78700CF69F1 /* Services */ = {
			isa = PBXGroup;
			children = (
				6A5CABCA20724B0A007B53DC /* MovieService.swift */,
				6A5CABD120724DBC007B53DC /* ListService.swift */,
				6A39EDD32085257B00EE1B0C /* ImageService.swift */,
				6A8395C32058751200CD0CDD /* DataService.swift */,
			);
			path = Services;
			sourceTree = "<group>";
		};
		6AB3191E206FC57000E8E90E /* APIs */ = {
			isa = PBXGroup;
			children = (
				2221062B22DBB0160081AD04 /* Endpoints */,
				6A6B0D1C20613C3E003EDF16 /* API.swift */,
				6AB3191F206FC58700E8E90E /* MovieDBAPI.swift */,
				6A5CABD42072503C007B53DC /* MovieDBAPIClient.swift */,
			);
			path = APIs;
			sourceTree = "<group>";
		};
		6AE6BF41207BFC82002E551A /* Shared */ = {
			isa = PBXGroup;
			children = (
				228646E322DA8E160099E341 /* ReusableCell.swift */,
				6AE6BF42207BFC9F002E551A /* CollectionViewDataSource.swift */,
				6A0EE2FF207E8DE100FD030E /* UICollectionViewCellConfigurable.swift */,
			);
			path = Shared;
			sourceTree = "<group>";
		};
		6AF0E0E0206FC2C000978877 /* Models */ = {
			isa = PBXGroup;
			children = (
				6A5CABCD20724B76007B53DC /* MovieDB */,
			);
			path = Models;
			sourceTree = "<group>";
		};
		851D62F2E381614CC2AA088E /* Frameworks */ = {
			isa = PBXGroup;
			children = (
				23F50C91E7F7F3D368FD5897 /* Pods_MovieDB.framework */,
				3282CEF9D87ABACB5BA637F9 /* Pods_MovieDBTests.framework */,
				7FA1E40FD23FE80449D9E978 /* Pods_MovieDBUITests.framework */,
				6B494616445FDD1E23757E7C /* Pods_MovieDBDataTests.framework */,
			);
			name = Frameworks;
			sourceTree = "<group>";
		};
/* End PBXGroup section */

/* Begin PBXNativeTarget section */
		6A4A2D74206FD337008BF540 /* MovieDBDataTests */ = {
			isa = PBXNativeTarget;
			buildConfigurationList = 6A4A2D7C206FD338008BF540 /* Build configuration list for PBXNativeTarget "MovieDBDataTests" */;
			buildPhases = (
				FB7AE1A1C2354E8E3995E31C /* [CP] Check Pods Manifest.lock */,
				A6E66254252C11794085D1A1 /* [CP-User] Sourcery */,
				6A4A2D71206FD337008BF540 /* Sources */,
				6A4A2D72206FD337008BF540 /* Frameworks */,
				6A4A2D73206FD337008BF540 /* Resources */,
				99BC7FC30C5CB50C43902868 /* [CP] Embed Pods Frameworks */,
			);
			buildRules = (
			);
			dependencies = (
				6A4A2D7B206FD338008BF540 /* PBXTargetDependency */,
			);
			name = MovieDBDataTests;
			productName = MovieDBDataTests;
			productReference = 6A4A2D75206FD337008BF540 /* MovieDBDataTests.xctest */;
			productType = "com.apple.product-type.bundle.unit-test";
		};
		6A839580205861B600CD0CDD /* MovieDB */ = {
			isa = PBXNativeTarget;
			buildConfigurationList = 6A8395A9205861B600CD0CDD /* Build configuration list for PBXNativeTarget "MovieDB" */;
			buildPhases = (
				FF775BA769769DEA70EDE92C /* [CP] Check Pods Manifest.lock */,
				AC143690E07C18E08AB87618 /* [CP-User] SwiftLint */,
				6A83957D205861B600CD0CDD /* Sources */,
				6A83957E205861B600CD0CDD /* Frameworks */,
				6A83957F205861B600CD0CDD /* Resources */,
				C50808187211A67B8563419A /* [CP] Embed Pods Frameworks */,
			);
			buildRules = (
			);
			dependencies = (
			);
			name = MovieDB;
			productName = videoplayer;
			productReference = 6A839581205861B600CD0CDD /* MovieDB.app */;
			productType = "com.apple.product-type.application";
		};
		6A839594205861B600CD0CDD /* MovieDBTests */ = {
			isa = PBXNativeTarget;
			buildConfigurationList = 6A8395AC205861B600CD0CDD /* Build configuration list for PBXNativeTarget "MovieDBTests" */;
			buildPhases = (
				B4B55D6F67618CB9759CD724 /* [CP] Check Pods Manifest.lock */,
				6A839591205861B600CD0CDD /* Sources */,
				6A839592205861B600CD0CDD /* Frameworks */,
				6A839593205861B600CD0CDD /* Resources */,
				00A8A316B7DBB765B5BD8C8B /* [CP] Embed Pods Frameworks */,
			);
			buildRules = (
			);
			dependencies = (
				6A839597205861B600CD0CDD /* PBXTargetDependency */,
			);
			name = MovieDBTests;
			productName = videoplayerTests;
			productReference = 6A839595205861B600CD0CDD /* MovieDBTests.xctest */;
			productType = "com.apple.product-type.bundle.unit-test";
		};
		6A83959F205861B600CD0CDD /* MovieDBUITests */ = {
			isa = PBXNativeTarget;
			buildConfigurationList = 6A8395AF205861B600CD0CDD /* Build configuration list for PBXNativeTarget "MovieDBUITests" */;
			buildPhases = (
				0F25E45A7C063DD66FBAE0B5 /* [CP] Check Pods Manifest.lock */,
				6A83959C205861B600CD0CDD /* Sources */,
				6A83959D205861B600CD0CDD /* Frameworks */,
				6A83959E205861B600CD0CDD /* Resources */,
			);
			buildRules = (
			);
			dependencies = (
				6A8395A2205861B600CD0CDD /* PBXTargetDependency */,
			);
			name = MovieDBUITests;
			productName = videoplayerUITests;
			productReference = 6A8395A0205861B600CD0CDD /* MovieDBUITests.xctest */;
			productType = "com.apple.product-type.bundle.ui-testing";
		};
/* End PBXNativeTarget section */

/* Begin PBXProject section */
		6A839579205861B600CD0CDD /* Project object */ = {
			isa = PBXProject;
			attributes = {
				LastSwiftUpdateCheck = 0920;
				LastUpgradeCheck = 1010;
				ORGANIZATIONNAME = "Tim Studt";
				TargetAttributes = {
					6A4A2D74206FD337008BF540 = {
						CreatedOnToolsVersion = 9.2;
						ProvisioningStyle = Automatic;
						TestTargetID = 6A839580205861B600CD0CDD;
					};
					6A839580205861B600CD0CDD = {
						CreatedOnToolsVersion = 9.2;
						LastSwiftMigration = 1010;
						ProvisioningStyle = Automatic;
					};
					6A839594205861B600CD0CDD = {
						CreatedOnToolsVersion = 9.2;
						LastSwiftMigration = 1010;
						ProvisioningStyle = Automatic;
						TestTargetID = 6A839580205861B600CD0CDD;
					};
					6A83959F205861B600CD0CDD = {
						CreatedOnToolsVersion = 9.2;
						ProvisioningStyle = Automatic;
						TestTargetID = 6A839580205861B600CD0CDD;
					};
				};
			};
			buildConfigurationList = 6A83957C205861B600CD0CDD /* Build configuration list for PBXProject "MovieDB" */;
			compatibilityVersion = "Xcode 8.0";
			developmentRegion = en;
			hasScannedForEncodings = 0;
			knownRegions = (
				en,
				Base,
			);
			mainGroup = 6A839578205861B600CD0CDD;
			productRefGroup = 6A839582205861B600CD0CDD /* Products */;
			projectDirPath = "";
			projectRoot = "";
			targets = (
				6A839580205861B600CD0CDD /* MovieDB */,
				6A839594205861B600CD0CDD /* MovieDBTests */,
				6A83959F205861B600CD0CDD /* MovieDBUITests */,
				6A4A2D74206FD337008BF540 /* MovieDBDataTests */,
			);
		};
/* End PBXProject section */

/* Begin PBXResourcesBuildPhase section */
		6A4A2D73206FD337008BF540 /* Resources */ = {
			isa = PBXResourcesBuildPhase;
			buildActionMask = 2147483647;
			files = (
			);
			runOnlyForDeploymentPostprocessing = 0;
		};
		6A83957F205861B600CD0CDD /* Resources */ = {
			isa = PBXResourcesBuildPhase;
			buildActionMask = 2147483647;
			files = (
				6A83958F205861B600CD0CDD /* LaunchScreen.storyboard in Resources */,
				6A83958C205861B600CD0CDD /* Assets.xcassets in Resources */,
				6A83958A205861B600CD0CDD /* Main.storyboard in Resources */,
			);
			runOnlyForDeploymentPostprocessing = 0;
		};
		6A839593205861B600CD0CDD /* Resources */ = {
			isa = PBXResourcesBuildPhase;
			buildActionMask = 2147483647;
			files = (
			);
			runOnlyForDeploymentPostprocessing = 0;
		};
		6A83959E205861B600CD0CDD /* Resources */ = {
			isa = PBXResourcesBuildPhase;
			buildActionMask = 2147483647;
			files = (
			);
			runOnlyForDeploymentPostprocessing = 0;
		};
/* End PBXResourcesBuildPhase section */

/* Begin PBXShellScriptBuildPhase section */
		00A8A316B7DBB765B5BD8C8B /* [CP] Embed Pods Frameworks */ = {
			isa = PBXShellScriptBuildPhase;
			buildActionMask = 2147483647;
			files = (
			);
			inputPaths = (
				"${PODS_ROOT}/Target Support Files/Pods-MovieDBTests/Pods-MovieDBTests-frameworks.sh",
				"${BUILT_PRODUCTS_DIR}/RxSwift/RxSwift.framework",
				"${BUILT_PRODUCTS_DIR}/RxBlocking/RxBlocking.framework",
			);
			name = "[CP] Embed Pods Frameworks";
			outputPaths = (
				"${TARGET_BUILD_DIR}/${FRAMEWORKS_FOLDER_PATH}/RxSwift.framework",
				"${TARGET_BUILD_DIR}/${FRAMEWORKS_FOLDER_PATH}/RxBlocking.framework",
			);
			runOnlyForDeploymentPostprocessing = 0;
			shellPath = /bin/sh;
			shellScript = "\"${PODS_ROOT}/Target Support Files/Pods-MovieDBTests/Pods-MovieDBTests-frameworks.sh\"\n";
			showEnvVarsInLog = 0;
		};
		0F25E45A7C063DD66FBAE0B5 /* [CP] Check Pods Manifest.lock */ = {
			isa = PBXShellScriptBuildPhase;
			buildActionMask = 2147483647;
			files = (
			);
			inputPaths = (
				"${PODS_PODFILE_DIR_PATH}/Podfile.lock",
				"${PODS_ROOT}/Manifest.lock",
			);
			name = "[CP] Check Pods Manifest.lock";
			outputPaths = (
				"$(DERIVED_FILE_DIR)/Pods-MovieDBUITests-checkManifestLockResult.txt",
			);
			runOnlyForDeploymentPostprocessing = 0;
			shellPath = /bin/sh;
			shellScript = "diff \"${PODS_PODFILE_DIR_PATH}/Podfile.lock\" \"${PODS_ROOT}/Manifest.lock\" > /dev/null\nif [ $? != 0 ] ; then\n    # print error to STDERR\n    echo \"error: The sandbox is not in sync with the Podfile.lock. Run 'pod install' or update your CocoaPods installation.\" >&2\n    exit 1\nfi\n# This output is used by Xcode 'outputs' to avoid re-running this script phase.\necho \"SUCCESS\" > \"${SCRIPT_OUTPUT_FILE_0}\"\n";
			showEnvVarsInLog = 0;
		};
		99BC7FC30C5CB50C43902868 /* [CP] Embed Pods Frameworks */ = {
			isa = PBXShellScriptBuildPhase;
			buildActionMask = 2147483647;
			files = (
			);
			inputPaths = (
				"${PODS_ROOT}/Target Support Files/Pods-MovieDBDataTests/Pods-MovieDBDataTests-frameworks.sh",
				"${BUILT_PRODUCTS_DIR}/RxSwift/RxSwift.framework",
				"${BUILT_PRODUCTS_DIR}/RxBlocking/RxBlocking.framework",
			);
			name = "[CP] Embed Pods Frameworks";
			outputPaths = (
				"${TARGET_BUILD_DIR}/${FRAMEWORKS_FOLDER_PATH}/RxSwift.framework",
				"${TARGET_BUILD_DIR}/${FRAMEWORKS_FOLDER_PATH}/RxBlocking.framework",
			);
			runOnlyForDeploymentPostprocessing = 0;
			shellPath = /bin/sh;
			shellScript = "\"${PODS_ROOT}/Target Support Files/Pods-MovieDBDataTests/Pods-MovieDBDataTests-frameworks.sh\"\n";
			showEnvVarsInLog = 0;
		};
		A6E66254252C11794085D1A1 /* [CP-User] Sourcery */ = {
			isa = PBXShellScriptBuildPhase;
			buildActionMask = 2147483647;
			files = (
			);
			inputPaths = (
			);
			name = "[CP-User] Sourcery";
			outputPaths = (
			);
			runOnlyForDeploymentPostprocessing = 0;
			shellPath = /bin/sh;
			shellScript = "${PODS_ROOT}/Sourcery/bin/sourcery --config ${SRCROOT}/.sourcery.yml";
		};
		AC143690E07C18E08AB87618 /* [CP-User] SwiftLint */ = {
			isa = PBXShellScriptBuildPhase;
			buildActionMask = 2147483647;
			files = (
			);
			inputPaths = (
			);
			name = "[CP-User] SwiftLint";
			outputPaths = (
			);
			runOnlyForDeploymentPostprocessing = 0;
			shellPath = /bin/sh;
			shellScript = "${PODS_ROOT}/SwiftLint/swiftlint";
		};
		B4B55D6F67618CB9759CD724 /* [CP] Check Pods Manifest.lock */ = {
			isa = PBXShellScriptBuildPhase;
			buildActionMask = 2147483647;
			files = (
			);
			inputPaths = (
				"${PODS_PODFILE_DIR_PATH}/Podfile.lock",
				"${PODS_ROOT}/Manifest.lock",
			);
			name = "[CP] Check Pods Manifest.lock";
			outputPaths = (
				"$(DERIVED_FILE_DIR)/Pods-MovieDBTests-checkManifestLockResult.txt",
			);
			runOnlyForDeploymentPostprocessing = 0;
			shellPath = /bin/sh;
			shellScript = "diff \"${PODS_PODFILE_DIR_PATH}/Podfile.lock\" \"${PODS_ROOT}/Manifest.lock\" > /dev/null\nif [ $? != 0 ] ; then\n    # print error to STDERR\n    echo \"error: The sandbox is not in sync with the Podfile.lock. Run 'pod install' or update your CocoaPods installation.\" >&2\n    exit 1\nfi\n# This output is used by Xcode 'outputs' to avoid re-running this script phase.\necho \"SUCCESS\" > \"${SCRIPT_OUTPUT_FILE_0}\"\n";
			showEnvVarsInLog = 0;
		};
		C50808187211A67B8563419A /* [CP] Embed Pods Frameworks */ = {
			isa = PBXShellScriptBuildPhase;
			buildActionMask = 2147483647;
			files = (
			);
			inputPaths = (
				"${PODS_ROOT}/Target Support Files/Pods-MovieDB/Pods-MovieDB-frameworks.sh",
				"${BUILT_PRODUCTS_DIR}/Alamofire/Alamofire.framework",
				"${BUILT_PRODUCTS_DIR}/Keys/Keys.framework",
				"${BUILT_PRODUCTS_DIR}/RxSwift/RxSwift.framework",
			);
			name = "[CP] Embed Pods Frameworks";
			outputPaths = (
				"${TARGET_BUILD_DIR}/${FRAMEWORKS_FOLDER_PATH}/Alamofire.framework",
				"${TARGET_BUILD_DIR}/${FRAMEWORKS_FOLDER_PATH}/Keys.framework",
				"${TARGET_BUILD_DIR}/${FRAMEWORKS_FOLDER_PATH}/RxSwift.framework",
			);
			runOnlyForDeploymentPostprocessing = 0;
			shellPath = /bin/sh;
			shellScript = "\"${PODS_ROOT}/Target Support Files/Pods-MovieDB/Pods-MovieDB-frameworks.sh\"\n";
			showEnvVarsInLog = 0;
		};
		FB7AE1A1C2354E8E3995E31C /* [CP] Check Pods Manifest.lock */ = {
			isa = PBXShellScriptBuildPhase;
			buildActionMask = 2147483647;
			files = (
			);
			inputPaths = (
				"${PODS_PODFILE_DIR_PATH}/Podfile.lock",
				"${PODS_ROOT}/Manifest.lock",
			);
			name = "[CP] Check Pods Manifest.lock";
			outputPaths = (
				"$(DERIVED_FILE_DIR)/Pods-MovieDBDataTests-checkManifestLockResult.txt",
			);
			runOnlyForDeploymentPostprocessing = 0;
			shellPath = /bin/sh;
			shellScript = "diff \"${PODS_PODFILE_DIR_PATH}/Podfile.lock\" \"${PODS_ROOT}/Manifest.lock\" > /dev/null\nif [ $? != 0 ] ; then\n    # print error to STDERR\n    echo \"error: The sandbox is not in sync with the Podfile.lock. Run 'pod install' or update your CocoaPods installation.\" >&2\n    exit 1\nfi\n# This output is used by Xcode 'outputs' to avoid re-running this script phase.\necho \"SUCCESS\" > \"${SCRIPT_OUTPUT_FILE_0}\"\n";
			showEnvVarsInLog = 0;
		};
		FF775BA769769DEA70EDE92C /* [CP] Check Pods Manifest.lock */ = {
			isa = PBXShellScriptBuildPhase;
			buildActionMask = 2147483647;
			files = (
			);
			inputPaths = (
				"${PODS_PODFILE_DIR_PATH}/Podfile.lock",
				"${PODS_ROOT}/Manifest.lock",
			);
			name = "[CP] Check Pods Manifest.lock";
			outputPaths = (
				"$(DERIVED_FILE_DIR)/Pods-MovieDB-checkManifestLockResult.txt",
			);
			runOnlyForDeploymentPostprocessing = 0;
			shellPath = /bin/sh;
			shellScript = "diff \"${PODS_PODFILE_DIR_PATH}/Podfile.lock\" \"${PODS_ROOT}/Manifest.lock\" > /dev/null\nif [ $? != 0 ] ; then\n    # print error to STDERR\n    echo \"error: The sandbox is not in sync with the Podfile.lock. Run 'pod install' or update your CocoaPods installation.\" >&2\n    exit 1\nfi\n# This output is used by Xcode 'outputs' to avoid re-running this script phase.\necho \"SUCCESS\" > \"${SCRIPT_OUTPUT_FILE_0}\"\n";
			showEnvVarsInLog = 0;
		};
/* End PBXShellScriptBuildPhase section */

/* Begin PBXSourcesBuildPhase section */
		6A4A2D71206FD337008BF540 /* Sources */ = {
			isa = PBXSourcesBuildPhase;
			buildActionMask = 2147483647;
			files = (
				6A4A2D8C20710CCE008BF540 /* MovieModel.swift in Sources */,
				6A5CABD9207250A6007B53DC /* URLSessionConnector.swift in Sources */,
				2221063422DC72200081AD04 /* SearchEndpoint.swift in Sources */,
				6A4A2D9020710D61008BF540 /* NetworkProvider.swift in Sources */,
				6A4A2D8720710C93008BF540 /* DataService.swift in Sources */,
				6A5CABD020724C18007B53DC /* Serializer.swift in Sources */,
				6A59C9AC2079638C003C2BF8 /* URLBuilder.swift in Sources */,
				6A4A2D8B20710CA6008BF540 /* ResponseModel.swift in Sources */,
				6A4A2D8A20710CA3008BF540 /* MovieNetworkModel.swift in Sources */,
				6A5CABDB207253FE007B53DC /* MovieNetworkServiceTests.swift in Sources */,
				6AB9BAFB207A210800212497 /* NetworkError.swift in Sources */,
				6A65561D20B4BD4C0062B218 /* AlamofireConnector.swift in Sources */,
				6AB9BAFE207A344400212497 /* NetworkTask.swift in Sources */,
				6A4A2D80206FD353008BF540 /* API.swift in Sources */,
				6A490AD4208CA73B00F62469 /* ImageNetworkService.swift in Sources */,
				6AF4926C2078D8FD00332996 /* NetworkLogger.swift in Sources */,
				2221063322DC72160081AD04 /* MovieEndpoint.swift in Sources */,
				6A4A2D7F206FD34B008BF540 /* MovieDBAPITests.swift in Sources */,
				6A4A2D8620710BD3008BF540 /* MovieRepository.swift in Sources */,
				6A84AF9B209916B20012AA84 /* ImageRepository.swift in Sources */,
				6A4A2D81206FD357008BF540 /* MovieDBAPI.swift in Sources */,
				6A4A2D8520710BC2008BF540 /* MovieRepositoryTests.swift in Sources */,
				6A4A2D8820710C9C008BF540 /* NetworkService.swift in Sources */,
				6A5CABD320724DBC007B53DC /* ListService.swift in Sources */,
				6A59C9AE20796693003C2BF8 /* URLBuilderTests.swift in Sources */,
				6AB08C73209A2EC2005D8AA9 /* ImageNetworkServiceTests.swift in Sources */,
				6A77B92F207D4604009C892D /* HTTPMethod.swift in Sources */,
				6A5CABD62072503C007B53DC /* MovieDBAPIClient.swift in Sources */,
				6A4A2D8920710C9F008BF540 /* MovieNetworkService.swift in Sources */,
				22775EDD224689F7004E62ED /* API+Automockable.swift in Sources */,
				6A39EDD52085257B00EE1B0C /* ImageService.swift in Sources */,
				6A5CABCC20724B0A007B53DC /* MovieService.swift in Sources */,
				2221063722DC738C0081AD04 /* Endpoint.swift in Sources */,
				BF_536934829607 /* AutoMockable.generated.swift in Sources */,
			);
			runOnlyForDeploymentPostprocessing = 0;
		};
		6A83957D205861B600CD0CDD /* Sources */ = {
			isa = PBXSourcesBuildPhase;
			buildActionMask = 2147483647;
			files = (
				6AF4926B2078D8FD00332996 /* NetworkLogger.swift in Sources */,
				6A59C9AB2079638C003C2BF8 /* URLBuilder.swift in Sources */,
				6A8395C12058749E00CD0CDD /* View.swift in Sources */,
				6A5CABD52072503C007B53DC /* MovieDBAPIClient.swift in Sources */,
				6A8395C820587ABB00CD0CDD /* Presenter.swift in Sources */,
				6A839587205861B600CD0CDD /* VideoCollectionViewController.swift in Sources */,
				6A8395BA205866CE00CD0CDD /* MovieModel.swift in Sources */,
				6A84AF9A20990A960012AA84 /* ImageRepository.swift in Sources */,
				6A8395C6205875B200CD0CDD /* ModuleBuilder.swift in Sources */,
				6A5CABCB20724B0A007B53DC /* MovieService.swift in Sources */,
				6A0EE302207E8F8200FD030E /* VideoCollectionViewCellConfigurator.swift in Sources */,
				6AB9BAFA207A210800212497 /* NetworkError.swift in Sources */,
				6A8395B42058626500CD0CDD /* VideoCollectionPresenter.swift in Sources */,
				6A490AD3208CA73B00F62469 /* ImageNetworkService.swift in Sources */,
				6AE6BF43207BFC9F002E551A /* CollectionViewDataSource.swift in Sources */,
				6A4A2D832070DAA4008BF540 /* AlamofireConnector.swift in Sources */,
				22BD8FB321AF035200CA3D23 /* Result.swift in Sources */,
				6A8395CC2058810400CD0CDD /* VideoCollectionViewCell.swift in Sources */,
				6A77B92E207D4604009C892D /* HTTPMethod.swift in Sources */,
				2221062F22DBB7230081AD04 /* Endpoint.swift in Sources */,
				6AB31920206FC58700E8E90E /* MovieDBAPI.swift in Sources */,
				228646E422DA8E170099E341 /* ReusableCell.swift in Sources */,
				2221063122DC62390081AD04 /* SearchEndpoint.swift in Sources */,
				6A4A2D8F20710D61008BF540 /* NetworkProvider.swift in Sources */,
				6A839585205861B600CD0CDD /* AppDelegate.swift in Sources */,
				6A8395B82058659700CD0CDD /* VideoCollectionViewState.swift in Sources */,
				6A5CABCF20724C18007B53DC /* Serializer.swift in Sources */,
				223B1E8021FE451E00C40CED /* GetMovies.swift in Sources */,
				6A8395C42058751200CD0CDD /* DataService.swift in Sources */,
				6A6B0D2520619065003EDF16 /* NetworkService.swift in Sources */,
				6AF0E0E2206FC2DD00978877 /* ResponseModel.swift in Sources */,
				6A5CABD220724DBC007B53DC /* ListService.swift in Sources */,
				6AF0E0E4206FC33000978877 /* MovieNetworkModel.swift in Sources */,
				6A0EE300207E8DE100FD030E /* UICollectionViewCellConfigurable.swift in Sources */,
				6A39EDD82085D8A800EE1B0C /* VideoCollectionViewDataSource.swift in Sources */,
				6A6B0D232061902C003EDF16 /* MovieNetworkService.swift in Sources */,
				6AB9BAFD207A344400212497 /* NetworkTask.swift in Sources */,
				2221062D22DBB0280081AD04 /* MovieEndpoint.swift in Sources */,
				22BD8FB121AF02B000CA3D23 /* Observable+CompletionBlock.swift in Sources */,
				6A8395B6205862DD00CD0CDD /* ModuleProtocols.swift in Sources */,
				6A8395BE2058692900CD0CDD /* MovieRepository.swift in Sources */,
				6A6B0D1D20613C3E003EDF16 /* API.swift in Sources */,
				6A6874042064432700299AD4 /* ViewState.swift in Sources */,
				6A5CABD8207250A6007B53DC /* URLSessionConnector.swift in Sources */,
				6A39EDD42085257B00EE1B0C /* ImageService.swift in Sources */,
				6A8395CE2058879800CD0CDD /* Router.swift in Sources */,
			);
			runOnlyForDeploymentPostprocessing = 0;
		};
		6A839591205861B600CD0CDD /* Sources */ = {
			isa = PBXSourcesBuildPhase;
			buildActionMask = 2147483647;
			files = (
				6A6874022064430600299AD4 /* ViewStateTests.swift in Sources */,
				6A83959A205861B600CD0CDD /* MovieDBTests.swift in Sources */,
				6A8395CA20587DA100CD0CDD /* ModuleBuilderTests.swift in Sources */,
			);
			runOnlyForDeploymentPostprocessing = 0;
		};
		6A83959C205861B600CD0CDD /* Sources */ = {
			isa = PBXSourcesBuildPhase;
			buildActionMask = 2147483647;
			files = (
				6A8395A5205861B600CD0CDD /* MovieDBUITests.swift in Sources */,
				6A026584213C0C6200EC0FB0 /* SnapshotHelper.swift in Sources */,
			);
			runOnlyForDeploymentPostprocessing = 0;
		};
/* End PBXSourcesBuildPhase section */

/* Begin PBXTargetDependency section */
		6A4A2D7B206FD338008BF540 /* PBXTargetDependency */ = {
			isa = PBXTargetDependency;
			target = 6A839580205861B600CD0CDD /* MovieDB */;
			targetProxy = 6A4A2D7A206FD338008BF540 /* PBXContainerItemProxy */;
		};
		6A839597205861B600CD0CDD /* PBXTargetDependency */ = {
			isa = PBXTargetDependency;
			target = 6A839580205861B600CD0CDD /* MovieDB */;
			targetProxy = 6A839596205861B600CD0CDD /* PBXContainerItemProxy */;
		};
		6A8395A2205861B600CD0CDD /* PBXTargetDependency */ = {
			isa = PBXTargetDependency;
			target = 6A839580205861B600CD0CDD /* MovieDB */;
			targetProxy = 6A8395A1205861B600CD0CDD /* PBXContainerItemProxy */;
		};
/* End PBXTargetDependency section */

/* Begin PBXVariantGroup section */
		6A839588205861B600CD0CDD /* Main.storyboard */ = {
			isa = PBXVariantGroup;
			children = (
				6A839589205861B600CD0CDD /* Base */,
			);
			name = Main.storyboard;
			sourceTree = "<group>";
		};
		6A83958D205861B600CD0CDD /* LaunchScreen.storyboard */ = {
			isa = PBXVariantGroup;
			children = (
				6A83958E205861B600CD0CDD /* Base */,
			);
			name = LaunchScreen.storyboard;
			sourceTree = "<group>";
		};
/* End PBXVariantGroup section */

/* Begin XCBuildConfiguration section */
		6A4A2D7D206FD338008BF540 /* Debug */ = {
			isa = XCBuildConfiguration;
			baseConfigurationReference = 08796E08867ECF80650A7240 /* Pods-MovieDBDataTests.debug.xcconfig */;
			buildSettings = {
				BUNDLE_LOADER = "$(TEST_HOST)";
				CODE_SIGN_STYLE = Automatic;
				INFOPLIST_FILE = MovieDBDataTests/Info.plist;
				LD_RUNPATH_SEARCH_PATHS = "$(inherited) @executable_path/Frameworks @loader_path/Frameworks";
				OTHER_SWIFT_FLAGS = "-DTESTING $(inherited)";
				PRODUCT_BUNDLE_IDENTIFIER = ts.MovieDBDataTests;
				PRODUCT_NAME = "$(TARGET_NAME)";
				SWIFT_VERSION = 5.0;
				TARGETED_DEVICE_FAMILY = "1,2";
				TEST_HOST = "$(BUILT_PRODUCTS_DIR)/MovieDB.app/MovieDB";
			};
			name = Debug;
		};
		6A4A2D7E206FD338008BF540 /* Release */ = {
			isa = XCBuildConfiguration;
			baseConfigurationReference = A80EDD12FFD70DFE22C4D203 /* Pods-MovieDBDataTests.release.xcconfig */;
			buildSettings = {
				BUNDLE_LOADER = "$(TEST_HOST)";
				CODE_SIGN_STYLE = Automatic;
				INFOPLIST_FILE = MovieDBDataTests/Info.plist;
				LD_RUNPATH_SEARCH_PATHS = "$(inherited) @executable_path/Frameworks @loader_path/Frameworks";
				OTHER_SWIFT_FLAGS = "-DTESTING $(inherited)";
				PRODUCT_BUNDLE_IDENTIFIER = ts.MovieDBDataTests;
				PRODUCT_NAME = "$(TARGET_NAME)";
				SWIFT_VERSION = 5.0;
				TARGETED_DEVICE_FAMILY = "1,2";
				TEST_HOST = "$(BUILT_PRODUCTS_DIR)/MovieDB.app/MovieDB";
			};
			name = Release;
		};
		6A8395A7205861B600CD0CDD /* Debug */ = {
			isa = XCBuildConfiguration;
			buildSettings = {
				ALWAYS_SEARCH_USER_PATHS = NO;
				CLANG_ANALYZER_NONNULL = YES;
				CLANG_ANALYZER_NUMBER_OBJECT_CONVERSION = YES_AGGRESSIVE;
				CLANG_CXX_LANGUAGE_STANDARD = "gnu++14";
				CLANG_CXX_LIBRARY = "libc++";
				CLANG_ENABLE_MODULES = YES;
				CLANG_ENABLE_OBJC_ARC = YES;
				CLANG_WARN_BLOCK_CAPTURE_AUTORELEASING = YES;
				CLANG_WARN_BOOL_CONVERSION = YES;
				CLANG_WARN_COMMA = YES;
				CLANG_WARN_CONSTANT_CONVERSION = YES;
				CLANG_WARN_DEPRECATED_OBJC_IMPLEMENTATIONS = YES;
				CLANG_WARN_DIRECT_OBJC_ISA_USAGE = YES_ERROR;
				CLANG_WARN_DOCUMENTATION_COMMENTS = YES;
				CLANG_WARN_EMPTY_BODY = YES;
				CLANG_WARN_ENUM_CONVERSION = YES;
				CLANG_WARN_INFINITE_RECURSION = YES;
				CLANG_WARN_INT_CONVERSION = YES;
				CLANG_WARN_NON_LITERAL_NULL_CONVERSION = YES;
				CLANG_WARN_OBJC_IMPLICIT_RETAIN_SELF = YES;
				CLANG_WARN_OBJC_LITERAL_CONVERSION = YES;
				CLANG_WARN_OBJC_ROOT_CLASS = YES_ERROR;
				CLANG_WARN_RANGE_LOOP_ANALYSIS = YES;
				CLANG_WARN_STRICT_PROTOTYPES = YES;
				CLANG_WARN_SUSPICIOUS_MOVE = YES;
				CLANG_WARN_UNGUARDED_AVAILABILITY = YES_AGGRESSIVE;
				CLANG_WARN_UNREACHABLE_CODE = YES;
				CLANG_WARN__DUPLICATE_METHOD_MATCH = YES;
				CODE_SIGN_IDENTITY = "";
				COPY_PHASE_STRIP = NO;
				DEBUG_INFORMATION_FORMAT = dwarf;
				ENABLE_STRICT_OBJC_MSGSEND = YES;
				ENABLE_TESTABILITY = YES;
				GCC_C_LANGUAGE_STANDARD = gnu11;
				GCC_DYNAMIC_NO_PIC = NO;
				GCC_NO_COMMON_BLOCKS = YES;
				GCC_OPTIMIZATION_LEVEL = 0;
				GCC_PREPROCESSOR_DEFINITIONS = (
					"DEBUG=1",
					"$(inherited)",
				);
				GCC_WARN_64_TO_32_BIT_CONVERSION = YES;
				GCC_WARN_ABOUT_RETURN_TYPE = YES_ERROR;
				GCC_WARN_UNDECLARED_SELECTOR = YES;
				GCC_WARN_UNINITIALIZED_AUTOS = YES_AGGRESSIVE;
				GCC_WARN_UNUSED_FUNCTION = YES;
				GCC_WARN_UNUSED_VARIABLE = YES;
				IPHONEOS_DEPLOYMENT_TARGET = 12.0;
				MTL_ENABLE_DEBUG_INFO = YES;
				ONLY_ACTIVE_ARCH = YES;
				SDKROOT = iphoneos;
				SWIFT_ACTIVE_COMPILATION_CONDITIONS = DEBUG;
				SWIFT_OPTIMIZATION_LEVEL = "-Onone";
			};
			name = Debug;
		};
		6A8395A8205861B600CD0CDD /* Release */ = {
			isa = XCBuildConfiguration;
			buildSettings = {
				ALWAYS_SEARCH_USER_PATHS = NO;
				CLANG_ANALYZER_NONNULL = YES;
				CLANG_ANALYZER_NUMBER_OBJECT_CONVERSION = YES_AGGRESSIVE;
				CLANG_CXX_LANGUAGE_STANDARD = "gnu++14";
				CLANG_CXX_LIBRARY = "libc++";
				CLANG_ENABLE_MODULES = YES;
				CLANG_ENABLE_OBJC_ARC = YES;
				CLANG_WARN_BLOCK_CAPTURE_AUTORELEASING = YES;
				CLANG_WARN_BOOL_CONVERSION = YES;
				CLANG_WARN_COMMA = YES;
				CLANG_WARN_CONSTANT_CONVERSION = YES;
				CLANG_WARN_DEPRECATED_OBJC_IMPLEMENTATIONS = YES;
				CLANG_WARN_DIRECT_OBJC_ISA_USAGE = YES_ERROR;
				CLANG_WARN_DOCUMENTATION_COMMENTS = YES;
				CLANG_WARN_EMPTY_BODY = YES;
				CLANG_WARN_ENUM_CONVERSION = YES;
				CLANG_WARN_INFINITE_RECURSION = YES;
				CLANG_WARN_INT_CONVERSION = YES;
				CLANG_WARN_NON_LITERAL_NULL_CONVERSION = YES;
				CLANG_WARN_OBJC_IMPLICIT_RETAIN_SELF = YES;
				CLANG_WARN_OBJC_LITERAL_CONVERSION = YES;
				CLANG_WARN_OBJC_ROOT_CLASS = YES_ERROR;
				CLANG_WARN_RANGE_LOOP_ANALYSIS = YES;
				CLANG_WARN_STRICT_PROTOTYPES = YES;
				CLANG_WARN_SUSPICIOUS_MOVE = YES;
				CLANG_WARN_UNGUARDED_AVAILABILITY = YES_AGGRESSIVE;
				CLANG_WARN_UNREACHABLE_CODE = YES;
				CLANG_WARN__DUPLICATE_METHOD_MATCH = YES;
				CODE_SIGN_IDENTITY = "";
				COPY_PHASE_STRIP = NO;
				DEBUG_INFORMATION_FORMAT = "dwarf-with-dsym";
				ENABLE_NS_ASSERTIONS = NO;
				ENABLE_STRICT_OBJC_MSGSEND = YES;
				GCC_C_LANGUAGE_STANDARD = gnu11;
				GCC_NO_COMMON_BLOCKS = YES;
				GCC_WARN_64_TO_32_BIT_CONVERSION = YES;
				GCC_WARN_ABOUT_RETURN_TYPE = YES_ERROR;
				GCC_WARN_UNDECLARED_SELECTOR = YES;
				GCC_WARN_UNINITIALIZED_AUTOS = YES_AGGRESSIVE;
				GCC_WARN_UNUSED_FUNCTION = YES;
				GCC_WARN_UNUSED_VARIABLE = YES;
				IPHONEOS_DEPLOYMENT_TARGET = 12.0;
				MTL_ENABLE_DEBUG_INFO = NO;
				SDKROOT = iphoneos;
				SWIFT_OPTIMIZATION_LEVEL = "-Owholemodule";
				VALIDATE_PRODUCT = YES;
			};
			name = Release;
		};
		6A8395AA205861B600CD0CDD /* Debug */ = {
			isa = XCBuildConfiguration;
			baseConfigurationReference = 5E7EEFBC3D44C6CE92FEA9E6 /* Pods-MovieDB.debug.xcconfig */;
			buildSettings = {
				ASSETCATALOG_COMPILER_APPICON_NAME = AppIcon;
				CODE_SIGN_STYLE = Automatic;
				INFOPLIST_FILE = MovieDB/Info.plist;
				LD_RUNPATH_SEARCH_PATHS = "$(inherited) @executable_path/Frameworks";
				OTHER_SWIFT_FLAGS = "$(inherited) \"-D\" \"COCOAPODS\" -Xfrontend -debug-time-function-bodies";
				PRODUCT_BUNDLE_IDENTIFIER = ts.moviedb;
				PRODUCT_NAME = "$(TARGET_NAME)";
				SWIFT_OPTIMIZATION_LEVEL = "-Onone";
				SWIFT_VERSION = 5.0;
				TARGETED_DEVICE_FAMILY = "1,2";
			};
			name = Debug;
		};
		6A8395AB205861B600CD0CDD /* Release */ = {
			isa = XCBuildConfiguration;
			baseConfigurationReference = 2E30C295CEFE07E1AD1AAF4D /* Pods-MovieDB.release.xcconfig */;
			buildSettings = {
				ASSETCATALOG_COMPILER_APPICON_NAME = AppIcon;
				CODE_SIGN_STYLE = Automatic;
				INFOPLIST_FILE = MovieDB/Info.plist;
				LD_RUNPATH_SEARCH_PATHS = "$(inherited) @executable_path/Frameworks";
				OTHER_SWIFT_FLAGS = "$(inherited) \"-D\" \"COCOAPODS\" -Xfrontend -debug-time-function-bodies";
				PRODUCT_BUNDLE_IDENTIFIER = ts.moviedb;
				PRODUCT_NAME = "$(TARGET_NAME)";
				SWIFT_OPTIMIZATION_LEVEL = "-O";
				SWIFT_VERSION = 5.0;
				TARGETED_DEVICE_FAMILY = "1,2";
			};
			name = Release;
		};
		6A8395AD205861B600CD0CDD /* Debug */ = {
			isa = XCBuildConfiguration;
			baseConfigurationReference = BBA3AFBD27E0C7B3FFC37057 /* Pods-MovieDBTests.debug.xcconfig */;
			buildSettings = {
				ALWAYS_EMBED_SWIFT_STANDARD_LIBRARIES = "$(inherited)";
				BUNDLE_LOADER = "$(TEST_HOST)";
				CODE_SIGN_STYLE = Automatic;
				INFOPLIST_FILE = MovieDBTests/Info.plist;
				LD_RUNPATH_SEARCH_PATHS = "$(inherited) @executable_path/Frameworks @loader_path/Frameworks";
				PRODUCT_BUNDLE_IDENTIFIER = ts.videoplayerTests;
				PRODUCT_NAME = "$(TARGET_NAME)";
				SWIFT_VERSION = 5.0;
				TARGETED_DEVICE_FAMILY = "1,2";
				TEST_HOST = "$(BUILT_PRODUCTS_DIR)/MovieDB.app/MovieDB";
			};
			name = Debug;
		};
		6A8395AE205861B600CD0CDD /* Release */ = {
			isa = XCBuildConfiguration;
			baseConfigurationReference = C9C0EF95CF3BEE0B63459D3F /* Pods-MovieDBTests.release.xcconfig */;
			buildSettings = {
				ALWAYS_EMBED_SWIFT_STANDARD_LIBRARIES = "$(inherited)";
				BUNDLE_LOADER = "$(TEST_HOST)";
				CODE_SIGN_STYLE = Automatic;
				INFOPLIST_FILE = MovieDBTests/Info.plist;
				LD_RUNPATH_SEARCH_PATHS = "$(inherited) @executable_path/Frameworks @loader_path/Frameworks";
				PRODUCT_BUNDLE_IDENTIFIER = ts.videoplayerTests;
				PRODUCT_NAME = "$(TARGET_NAME)";
				SWIFT_VERSION = 5.0;
				TARGETED_DEVICE_FAMILY = "1,2";
				TEST_HOST = "$(BUILT_PRODUCTS_DIR)/MovieDB.app/MovieDB";
			};
			name = Release;
		};
		6A8395B0205861B600CD0CDD /* Debug */ = {
			isa = XCBuildConfiguration;
			baseConfigurationReference = 4AD289D530A16D6005571641 /* Pods-MovieDBUITests.debug.xcconfig */;
			buildSettings = {
				ALWAYS_EMBED_SWIFT_STANDARD_LIBRARIES = YES;
				CODE_SIGN_STYLE = Automatic;
				INFOPLIST_FILE = MovieDBUITests/Info.plist;
				LD_RUNPATH_SEARCH_PATHS = "$(inherited) @executable_path/Frameworks @loader_path/Frameworks";
				OTHER_SWIFT_FLAGS = "$(inherited)";
				PRODUCT_BUNDLE_IDENTIFIER = ts.MovieDBUITests;
				PRODUCT_NAME = "$(TARGET_NAME)";
				SWIFT_VERSION = 5.0;
				TARGETED_DEVICE_FAMILY = "1,2";
				TEST_TARGET_NAME = MovieDB;
			};
			name = Debug;
		};
		6A8395B1205861B600CD0CDD /* Release */ = {
			isa = XCBuildConfiguration;
			baseConfigurationReference = BBE9BF9614042FE9CC436BBE /* Pods-MovieDBUITests.release.xcconfig */;
			buildSettings = {
				ALWAYS_EMBED_SWIFT_STANDARD_LIBRARIES = YES;
				CODE_SIGN_STYLE = Automatic;
				INFOPLIST_FILE = MovieDBUITests/Info.plist;
				LD_RUNPATH_SEARCH_PATHS = "$(inherited) @executable_path/Frameworks @loader_path/Frameworks";
				OTHER_SWIFT_FLAGS = "$(inherited)";
				PRODUCT_BUNDLE_IDENTIFIER = ts.MovieDBUITests;
				PRODUCT_NAME = "$(TARGET_NAME)";
				SWIFT_VERSION = 5.0;
				TARGETED_DEVICE_FAMILY = "1,2";
				TEST_TARGET_NAME = MovieDB;
			};
			name = Release;
		};
/* End XCBuildConfiguration section */

/* Begin XCConfigurationList section */
		6A4A2D7C206FD338008BF540 /* Build configuration list for PBXNativeTarget "MovieDBDataTests" */ = {
			isa = XCConfigurationList;
			buildConfigurations = (
				6A4A2D7D206FD338008BF540 /* Debug */,
				6A4A2D7E206FD338008BF540 /* Release */,
			);
			defaultConfigurationIsVisible = 0;
			defaultConfigurationName = Release;
		};
		6A83957C205861B600CD0CDD /* Build configuration list for PBXProject "MovieDB" */ = {
			isa = XCConfigurationList;
			buildConfigurations = (
				6A8395A7205861B600CD0CDD /* Debug */,
				6A8395A8205861B600CD0CDD /* Release */,
			);
			defaultConfigurationIsVisible = 0;
			defaultConfigurationName = Release;
		};
		6A8395A9205861B600CD0CDD /* Build configuration list for PBXNativeTarget "MovieDB" */ = {
			isa = XCConfigurationList;
			buildConfigurations = (
				6A8395AA205861B600CD0CDD /* Debug */,
				6A8395AB205861B600CD0CDD /* Release */,
			);
			defaultConfigurationIsVisible = 0;
			defaultConfigurationName = Release;
		};
		6A8395AC205861B600CD0CDD /* Build configuration list for PBXNativeTarget "MovieDBTests" */ = {
			isa = XCConfigurationList;
			buildConfigurations = (
				6A8395AD205861B600CD0CDD /* Debug */,
				6A8395AE205861B600CD0CDD /* Release */,
			);
			defaultConfigurationIsVisible = 0;
			defaultConfigurationName = Release;
		};
		6A8395AF205861B600CD0CDD /* Build configuration list for PBXNativeTarget "MovieDBUITests" */ = {
			isa = XCConfigurationList;
			buildConfigurations = (
				6A8395B0205861B600CD0CDD /* Debug */,
				6A8395B1205861B600CD0CDD /* Release */,
			);
			defaultConfigurationIsVisible = 0;
			defaultConfigurationName = Release;
		};
/* End XCConfigurationList section */
	};
	rootObject = 6A839579205861B600CD0CDD /* Project object */;
}
